// !$*UTF8*$!
{
	archiveVersion = 1;
	classes = {
	};
	objectVersion = 56;
	objects = {

/* Begin PBXBuildFile section */
		7C681B212C7D090C0064AC16 /* AppDelegate.swift in Sources */ = {isa = PBXBuildFile; fileRef = 7C681B202C7D090C0064AC16 /* AppDelegate.swift */; };
		7C681B232C7D090C0064AC16 /* SceneDelegate.swift in Sources */ = {isa = PBXBuildFile; fileRef = 7C681B222C7D090C0064AC16 /* SceneDelegate.swift */; };
		7C681B2B2C7D090C0064AC16 /* UgurUlasGoktasCase.xcdatamodeld in Sources */ = {isa = PBXBuildFile; fileRef = 7C681B292C7D090C0064AC16 /* UgurUlasGoktasCase.xcdatamodeld */; };
		7C681B2D2C7D090E0064AC16 /* Assets.xcassets in Resources */ = {isa = PBXBuildFile; fileRef = 7C681B2C2C7D090E0064AC16 /* Assets.xcassets */; };
		7C681B302C7D090E0064AC16 /* Base in Resources */ = {isa = PBXBuildFile; fileRef = 7C681B2F2C7D090E0064AC16 /* Base */; };
		7C681B3B2C7D090E0064AC16 /* UgurUlasGoktasCaseTests.swift in Sources */ = {isa = PBXBuildFile; fileRef = 7C681B3A2C7D090E0064AC16 /* UgurUlasGoktasCaseTests.swift */; };
		7C681B452C7D090E0064AC16 /* UgurUlasGoktasCaseUITests.swift in Sources */ = {isa = PBXBuildFile; fileRef = 7C681B442C7D090E0064AC16 /* UgurUlasGoktasCaseUITests.swift */; };
		7C681B472C7D090E0064AC16 /* UgurUlasGoktasCaseUITestsLaunchTests.swift in Sources */ = {isa = PBXBuildFile; fileRef = 7C681B462C7D090E0064AC16 /* UgurUlasGoktasCaseUITestsLaunchTests.swift */; };
		7C681B592C7D0AA40064AC16 /* BaseViewController.swift in Sources */ = {isa = PBXBuildFile; fileRef = 7C681B582C7D0AA40064AC16 /* BaseViewController.swift */; };
		7C681B5B2C7D0AE20064AC16 /* BaseViewControllerProtocol.swift in Sources */ = {isa = PBXBuildFile; fileRef = 7C681B5A2C7D0AE20064AC16 /* BaseViewControllerProtocol.swift */; };
		7C681B5E2C7D0D300064AC16 /* BaseViewModel.swift in Sources */ = {isa = PBXBuildFile; fileRef = 7C681B5D2C7D0D300064AC16 /* BaseViewModel.swift */; };
		7C681B602C7D0D4D0064AC16 /* BaseViewModelProtocol.swift in Sources */ = {isa = PBXBuildFile; fileRef = 7C681B5F2C7D0D4D0064AC16 /* BaseViewModelProtocol.swift */; };
		7C681B632C7D108E0064AC16 /* BaseRequest.swift in Sources */ = {isa = PBXBuildFile; fileRef = 7C681B622C7D108E0064AC16 /* BaseRequest.swift */; };
		7C681B662C7D10DB0064AC16 /* BaseTableViewCell.swift in Sources */ = {isa = PBXBuildFile; fileRef = 7C681B652C7D10DB0064AC16 /* BaseTableViewCell.swift */; };
		7C681B692C7DE9400064AC16 /* NetworkManager.swift in Sources */ = {isa = PBXBuildFile; fileRef = 7C681B682C7DE9400064AC16 /* NetworkManager.swift */; };
		7C681B6B2C7DE9480064AC16 /* NetworkManagerProtocol.swift in Sources */ = {isa = PBXBuildFile; fileRef = 7C681B6A2C7DE9480064AC16 /* NetworkManagerProtocol.swift */; };
		7C681B6E2C7DE9AF0064AC16 /* String+Extension.swift in Sources */ = {isa = PBXBuildFile; fileRef = 7C681B6D2C7DE9AF0064AC16 /* String+Extension.swift */; };
		7C681B722C7DEA000064AC16 /* Notification+Extension.swift in Sources */ = {isa = PBXBuildFile; fileRef = 7C681B712C7DEA000064AC16 /* Notification+Extension.swift */; };
		7C681B752C7DEA800064AC16 /* DateFormat.swift in Sources */ = {isa = PBXBuildFile; fileRef = 7C681B742C7DEA800064AC16 /* DateFormat.swift */; };
		7C681B7B2C7DEAF70064AC16 /* TabBarViewController.swift in Sources */ = {isa = PBXBuildFile; fileRef = 7C681B7A2C7DEAF70064AC16 /* TabBarViewController.swift */; };
		7C681B7D2C7DEB130064AC16 /* TabBarViewModel.swift in Sources */ = {isa = PBXBuildFile; fileRef = 7C681B7C2C7DEB130064AC16 /* TabBarViewModel.swift */; };
		7C681B802C7DEB3F0064AC16 /* ProductListViewController.swift in Sources */ = {isa = PBXBuildFile; fileRef = 7C681B7F2C7DEB3F0064AC16 /* ProductListViewController.swift */; };
		7C681B822C7DEB510064AC16 /* ProductListViewModel.swift in Sources */ = {isa = PBXBuildFile; fileRef = 7C681B812C7DEB510064AC16 /* ProductListViewModel.swift */; };
		7C681B852C7DEB7E0064AC16 /* FilterViewController.swift in Sources */ = {isa = PBXBuildFile; fileRef = 7C681B842C7DEB7E0064AC16 /* FilterViewController.swift */; };
		7C681B872C7DEB910064AC16 /* FilterViewModel.swift in Sources */ = {isa = PBXBuildFile; fileRef = 7C681B862C7DEB910064AC16 /* FilterViewModel.swift */; };
		7C681B8A2C7DEBAB0064AC16 /* CartViewController.swift in Sources */ = {isa = PBXBuildFile; fileRef = 7C681B892C7DEBAB0064AC16 /* CartViewController.swift */; };
		7C681B8C2C7DEBBA0064AC16 /* CartViewModel.swift in Sources */ = {isa = PBXBuildFile; fileRef = 7C681B8B2C7DEBBA0064AC16 /* CartViewModel.swift */; };
		7C681B8F2C7DEBDB0064AC16 /* FavoriteListViewController.swift in Sources */ = {isa = PBXBuildFile; fileRef = 7C681B8E2C7DEBDB0064AC16 /* FavoriteListViewController.swift */; };
		7C681B912C7DEBE70064AC16 /* FavoriteListViewModel.swift in Sources */ = {isa = PBXBuildFile; fileRef = 7C681B902C7DEBE70064AC16 /* FavoriteListViewModel.swift */; };
		7C681B942C7DEBFD0064AC16 /* ProfileViewController.swift in Sources */ = {isa = PBXBuildFile; fileRef = 7C681B932C7DEBFD0064AC16 /* ProfileViewController.swift */; };
		7C681B962C7DEC090064AC16 /* ProfileViewModel.swift in Sources */ = {isa = PBXBuildFile; fileRef = 7C681B952C7DEC090064AC16 /* ProfileViewModel.swift */; };
		7C681B982C7DEC2E0064AC16 /* SystemImages.swift in Sources */ = {isa = PBXBuildFile; fileRef = 7C681B972C7DEC2E0064AC16 /* SystemImages.swift */; };
		7C681B9C2C7DEC820064AC16 /* ProductKeys.swift in Sources */ = {isa = PBXBuildFile; fileRef = 7C681B9B2C7DEC820064AC16 /* ProductKeys.swift */; };
		7C681B9F2C7DEC9E0064AC16 /* FavoriteDB.swift in Sources */ = {isa = PBXBuildFile; fileRef = 7C681B9E2C7DEC9E0064AC16 /* FavoriteDB.swift */; };
		7C681BA12C7DECAB0064AC16 /* FavoriteDBStrategy.swift in Sources */ = {isa = PBXBuildFile; fileRef = 7C681BA02C7DECAB0064AC16 /* FavoriteDBStrategy.swift */; };
		7C681BA32C7DECBA0064AC16 /* CoreDataFavoriteDB.swift in Sources */ = {isa = PBXBuildFile; fileRef = 7C681BA22C7DECBA0064AC16 /* CoreDataFavoriteDB.swift */; };
		7C681BA62C7DECCF0064AC16 /* CartDB.swift in Sources */ = {isa = PBXBuildFile; fileRef = 7C681BA52C7DECCF0064AC16 /* CartDB.swift */; };
		7C681BA82C7DECDB0064AC16 /* CartDBStrategy.swift in Sources */ = {isa = PBXBuildFile; fileRef = 7C681BA72C7DECDB0064AC16 /* CartDBStrategy.swift */; };
		7C681BAA2C7DECE90064AC16 /* CoreDataCartDB.swift in Sources */ = {isa = PBXBuildFile; fileRef = 7C681BA92C7DECE90064AC16 /* CoreDataCartDB.swift */; };
		7C681BAE2C7DED090064AC16 /* ProductRequest.swift in Sources */ = {isa = PBXBuildFile; fileRef = 7C681BAD2C7DED090064AC16 /* ProductRequest.swift */; };
		7C681BB12C7DED290064AC16 /* Product.swift in Sources */ = {isa = PBXBuildFile; fileRef = 7C681BB02C7DED290064AC16 /* Product.swift */; };
		7C681BB52C7DED5E0064AC16 /* FilterSelectionHeader.swift in Sources */ = {isa = PBXBuildFile; fileRef = 7C681BB42C7DED5E0064AC16 /* FilterSelectionHeader.swift */; };
		7C681BB92C7DED950064AC16 /* SearchBar.swift in Sources */ = {isa = PBXBuildFile; fileRef = 7C681BB82C7DED950064AC16 /* SearchBar.swift */; };
		7C681BBC2C7DEDDF0064AC16 /* SortTableViewCell.swift in Sources */ = {isa = PBXBuildFile; fileRef = 7C681BBB2C7DEDDF0064AC16 /* SortTableViewCell.swift */; };
		7C681BBE2C7DEDF10064AC16 /* FilterSelectionTableViewCell.swift in Sources */ = {isa = PBXBuildFile; fileRef = 7C681BBD2C7DEDF10064AC16 /* FilterSelectionTableViewCell.swift */; };
		7C681BC02C7DEE010064AC16 /* CartTableViewCell.swift in Sources */ = {isa = PBXBuildFile; fileRef = 7C681BBF2C7DEE010064AC16 /* CartTableViewCell.swift */; };
		7C681BC32C7DEE1E0064AC16 /* ProductCollectionViewCell.swift in Sources */ = {isa = PBXBuildFile; fileRef = 7C681BC22C7DEE1E0064AC16 /* ProductCollectionViewCell.swift */; };
		7C681BC52C7E02E60064AC16 /* CGFloat+Extension.swift in Sources */ = {isa = PBXBuildFile; fileRef = 7C681BC42C7E02E60064AC16 /* CGFloat+Extension.swift */; };
		7C681BC72C7E034B0064AC16 /* TextConstants.swift in Sources */ = {isa = PBXBuildFile; fileRef = 7C681BC62C7E034B0064AC16 /* TextConstants.swift */; };
		7C681BC92C7E55530064AC16 /* Array+Extension.swift in Sources */ = {isa = PBXBuildFile; fileRef = 7C681BC82C7E55530064AC16 /* Array+Extension.swift */; };
		7C681BCC2C7E56400064AC16 /* ProductDetailViewController.swift in Sources */ = {isa = PBXBuildFile; fileRef = 7C681BCB2C7E56400064AC16 /* ProductDetailViewController.swift */; };
		7C681BCE2C7E56610064AC16 /* ProductDetailViewModel.swift in Sources */ = {isa = PBXBuildFile; fileRef = 7C681BCD2C7E56610064AC16 /* ProductDetailViewModel.swift */; };
		7C681BD02C7E58790064AC16 /* SortSelections.swift in Sources */ = {isa = PBXBuildFile; fileRef = 7C681BCF2C7E58790064AC16 /* SortSelections.swift */; };
		7C681BD22C7E5B2C0064AC16 /* ReuseIdentifiers.swift in Sources */ = {isa = PBXBuildFile; fileRef = 7C681BD12C7E5B2C0064AC16 /* ReuseIdentifiers.swift */; };
		7C681BD52C7E70CD0064AC16 /* CartError.swift in Sources */ = {isa = PBXBuildFile; fileRef = 7C681BD42C7E70CD0064AC16 /* CartError.swift */; };
		7C681BD72C7E74940064AC16 /* FavoriteError.swift in Sources */ = {isa = PBXBuildFile; fileRef = 7C681BD62C7E74940064AC16 /* FavoriteError.swift */; };
		7C681BD92C7F7D590064AC16 /* FavoriteTableViewCell.swift in Sources */ = {isa = PBXBuildFile; fileRef = 7C681BD82C7F7D590064AC16 /* FavoriteTableViewCell.swift */; };
/* End PBXBuildFile section */

/* Begin PBXContainerItemProxy section */
		7C681B372C7D090E0064AC16 /* PBXContainerItemProxy */ = {
			isa = PBXContainerItemProxy;
			containerPortal = 7C681B152C7D090C0064AC16 /* Project object */;
			proxyType = 1;
			remoteGlobalIDString = 7C681B1C2C7D090C0064AC16;
			remoteInfo = UgurUlasGoktasCase;
		};
		7C681B412C7D090E0064AC16 /* PBXContainerItemProxy */ = {
			isa = PBXContainerItemProxy;
			containerPortal = 7C681B152C7D090C0064AC16 /* Project object */;
			proxyType = 1;
			remoteGlobalIDString = 7C681B1C2C7D090C0064AC16;
			remoteInfo = UgurUlasGoktasCase;
		};
/* End PBXContainerItemProxy section */

/* Begin PBXFileReference section */
		7C681B1D2C7D090C0064AC16 /* UgurUlasGoktasCase.app */ = {isa = PBXFileReference; explicitFileType = wrapper.application; includeInIndex = 0; path = UgurUlasGoktasCase.app; sourceTree = BUILT_PRODUCTS_DIR; };
		7C681B202C7D090C0064AC16 /* AppDelegate.swift */ = {isa = PBXFileReference; lastKnownFileType = sourcecode.swift; path = AppDelegate.swift; sourceTree = "<group>"; };
		7C681B222C7D090C0064AC16 /* SceneDelegate.swift */ = {isa = PBXFileReference; lastKnownFileType = sourcecode.swift; path = SceneDelegate.swift; sourceTree = "<group>"; };
		7C681B2A2C7D090C0064AC16 /* UgurUlasGoktasCase.xcdatamodel */ = {isa = PBXFileReference; lastKnownFileType = wrapper.xcdatamodel; path = UgurUlasGoktasCase.xcdatamodel; sourceTree = "<group>"; };
		7C681B2C2C7D090E0064AC16 /* Assets.xcassets */ = {isa = PBXFileReference; lastKnownFileType = folder.assetcatalog; path = Assets.xcassets; sourceTree = "<group>"; };
		7C681B2F2C7D090E0064AC16 /* Base */ = {isa = PBXFileReference; lastKnownFileType = file.storyboard; name = Base; path = Base.lproj/LaunchScreen.storyboard; sourceTree = "<group>"; };
		7C681B312C7D090E0064AC16 /* Info.plist */ = {isa = PBXFileReference; lastKnownFileType = text.plist.xml; path = Info.plist; sourceTree = "<group>"; };
		7C681B362C7D090E0064AC16 /* UgurUlasGoktasCaseTests.xctest */ = {isa = PBXFileReference; explicitFileType = wrapper.cfbundle; includeInIndex = 0; path = UgurUlasGoktasCaseTests.xctest; sourceTree = BUILT_PRODUCTS_DIR; };
		7C681B3A2C7D090E0064AC16 /* UgurUlasGoktasCaseTests.swift */ = {isa = PBXFileReference; lastKnownFileType = sourcecode.swift; path = UgurUlasGoktasCaseTests.swift; sourceTree = "<group>"; };
		7C681B402C7D090E0064AC16 /* UgurUlasGoktasCaseUITests.xctest */ = {isa = PBXFileReference; explicitFileType = wrapper.cfbundle; includeInIndex = 0; path = UgurUlasGoktasCaseUITests.xctest; sourceTree = BUILT_PRODUCTS_DIR; };
		7C681B442C7D090E0064AC16 /* UgurUlasGoktasCaseUITests.swift */ = {isa = PBXFileReference; lastKnownFileType = sourcecode.swift; path = UgurUlasGoktasCaseUITests.swift; sourceTree = "<group>"; };
		7C681B462C7D090E0064AC16 /* UgurUlasGoktasCaseUITestsLaunchTests.swift */ = {isa = PBXFileReference; lastKnownFileType = sourcecode.swift; path = UgurUlasGoktasCaseUITestsLaunchTests.swift; sourceTree = "<group>"; };
		7C681B582C7D0AA40064AC16 /* BaseViewController.swift */ = {isa = PBXFileReference; lastKnownFileType = sourcecode.swift; path = BaseViewController.swift; sourceTree = "<group>"; };
		7C681B5A2C7D0AE20064AC16 /* BaseViewControllerProtocol.swift */ = {isa = PBXFileReference; lastKnownFileType = sourcecode.swift; path = BaseViewControllerProtocol.swift; sourceTree = "<group>"; };
		7C681B5D2C7D0D300064AC16 /* BaseViewModel.swift */ = {isa = PBXFileReference; lastKnownFileType = sourcecode.swift; path = BaseViewModel.swift; sourceTree = "<group>"; };
		7C681B5F2C7D0D4D0064AC16 /* BaseViewModelProtocol.swift */ = {isa = PBXFileReference; lastKnownFileType = sourcecode.swift; path = BaseViewModelProtocol.swift; sourceTree = "<group>"; };
		7C681B622C7D108E0064AC16 /* BaseRequest.swift */ = {isa = PBXFileReference; lastKnownFileType = sourcecode.swift; path = BaseRequest.swift; sourceTree = "<group>"; };
		7C681B652C7D10DB0064AC16 /* BaseTableViewCell.swift */ = {isa = PBXFileReference; lastKnownFileType = sourcecode.swift; path = BaseTableViewCell.swift; sourceTree = "<group>"; };
		7C681B682C7DE9400064AC16 /* NetworkManager.swift */ = {isa = PBXFileReference; lastKnownFileType = sourcecode.swift; path = NetworkManager.swift; sourceTree = "<group>"; };
		7C681B6A2C7DE9480064AC16 /* NetworkManagerProtocol.swift */ = {isa = PBXFileReference; lastKnownFileType = sourcecode.swift; path = NetworkManagerProtocol.swift; sourceTree = "<group>"; };
		7C681B6D2C7DE9AF0064AC16 /* String+Extension.swift */ = {isa = PBXFileReference; lastKnownFileType = sourcecode.swift; path = "String+Extension.swift"; sourceTree = "<group>"; };
		7C681B712C7DEA000064AC16 /* Notification+Extension.swift */ = {isa = PBXFileReference; lastKnownFileType = sourcecode.swift; path = "Notification+Extension.swift"; sourceTree = "<group>"; };
		7C681B742C7DEA800064AC16 /* DateFormat.swift */ = {isa = PBXFileReference; lastKnownFileType = sourcecode.swift; path = DateFormat.swift; sourceTree = "<group>"; };
		7C681B7A2C7DEAF70064AC16 /* TabBarViewController.swift */ = {isa = PBXFileReference; lastKnownFileType = sourcecode.swift; path = TabBarViewController.swift; sourceTree = "<group>"; };
		7C681B7C2C7DEB130064AC16 /* TabBarViewModel.swift */ = {isa = PBXFileReference; lastKnownFileType = sourcecode.swift; path = TabBarViewModel.swift; sourceTree = "<group>"; };
		7C681B7F2C7DEB3F0064AC16 /* ProductListViewController.swift */ = {isa = PBXFileReference; lastKnownFileType = sourcecode.swift; path = ProductListViewController.swift; sourceTree = "<group>"; };
		7C681B812C7DEB510064AC16 /* ProductListViewModel.swift */ = {isa = PBXFileReference; lastKnownFileType = sourcecode.swift; path = ProductListViewModel.swift; sourceTree = "<group>"; };
		7C681B842C7DEB7E0064AC16 /* FilterViewController.swift */ = {isa = PBXFileReference; lastKnownFileType = sourcecode.swift; path = FilterViewController.swift; sourceTree = "<group>"; };
		7C681B862C7DEB910064AC16 /* FilterViewModel.swift */ = {isa = PBXFileReference; lastKnownFileType = sourcecode.swift; path = FilterViewModel.swift; sourceTree = "<group>"; };
		7C681B892C7DEBAB0064AC16 /* CartViewController.swift */ = {isa = PBXFileReference; lastKnownFileType = sourcecode.swift; path = CartViewController.swift; sourceTree = "<group>"; };
		7C681B8B2C7DEBBA0064AC16 /* CartViewModel.swift */ = {isa = PBXFileReference; lastKnownFileType = sourcecode.swift; path = CartViewModel.swift; sourceTree = "<group>"; };
		7C681B8E2C7DEBDB0064AC16 /* FavoriteListViewController.swift */ = {isa = PBXFileReference; lastKnownFileType = sourcecode.swift; path = FavoriteListViewController.swift; sourceTree = "<group>"; };
		7C681B902C7DEBE70064AC16 /* FavoriteListViewModel.swift */ = {isa = PBXFileReference; lastKnownFileType = sourcecode.swift; path = FavoriteListViewModel.swift; sourceTree = "<group>"; };
		7C681B932C7DEBFD0064AC16 /* ProfileViewController.swift */ = {isa = PBXFileReference; lastKnownFileType = sourcecode.swift; path = ProfileViewController.swift; sourceTree = "<group>"; };
		7C681B952C7DEC090064AC16 /* ProfileViewModel.swift */ = {isa = PBXFileReference; lastKnownFileType = sourcecode.swift; path = ProfileViewModel.swift; sourceTree = "<group>"; };
		7C681B972C7DEC2E0064AC16 /* SystemImages.swift */ = {isa = PBXFileReference; lastKnownFileType = sourcecode.swift; path = SystemImages.swift; sourceTree = "<group>"; };
		7C681B9B2C7DEC820064AC16 /* ProductKeys.swift */ = {isa = PBXFileReference; lastKnownFileType = sourcecode.swift; path = ProductKeys.swift; sourceTree = "<group>"; };
		7C681B9E2C7DEC9E0064AC16 /* FavoriteDB.swift */ = {isa = PBXFileReference; lastKnownFileType = sourcecode.swift; path = FavoriteDB.swift; sourceTree = "<group>"; };
		7C681BA02C7DECAB0064AC16 /* FavoriteDBStrategy.swift */ = {isa = PBXFileReference; lastKnownFileType = sourcecode.swift; path = FavoriteDBStrategy.swift; sourceTree = "<group>"; };
		7C681BA22C7DECBA0064AC16 /* CoreDataFavoriteDB.swift */ = {isa = PBXFileReference; lastKnownFileType = sourcecode.swift; path = CoreDataFavoriteDB.swift; sourceTree = "<group>"; };
		7C681BA52C7DECCF0064AC16 /* CartDB.swift */ = {isa = PBXFileReference; lastKnownFileType = sourcecode.swift; path = CartDB.swift; sourceTree = "<group>"; };
		7C681BA72C7DECDB0064AC16 /* CartDBStrategy.swift */ = {isa = PBXFileReference; lastKnownFileType = sourcecode.swift; path = CartDBStrategy.swift; sourceTree = "<group>"; };
		7C681BA92C7DECE90064AC16 /* CoreDataCartDB.swift */ = {isa = PBXFileReference; lastKnownFileType = sourcecode.swift; path = CoreDataCartDB.swift; sourceTree = "<group>"; };
		7C681BAD2C7DED090064AC16 /* ProductRequest.swift */ = {isa = PBXFileReference; lastKnownFileType = sourcecode.swift; path = ProductRequest.swift; sourceTree = "<group>"; };
		7C681BB02C7DED290064AC16 /* Product.swift */ = {isa = PBXFileReference; lastKnownFileType = sourcecode.swift; path = Product.swift; sourceTree = "<group>"; };
		7C681BB42C7DED5E0064AC16 /* FilterSelectionHeader.swift */ = {isa = PBXFileReference; lastKnownFileType = sourcecode.swift; path = FilterSelectionHeader.swift; sourceTree = "<group>"; };
		7C681BB82C7DED950064AC16 /* SearchBar.swift */ = {isa = PBXFileReference; lastKnownFileType = sourcecode.swift; path = SearchBar.swift; sourceTree = "<group>"; };
		7C681BBB2C7DEDDF0064AC16 /* SortTableViewCell.swift */ = {isa = PBXFileReference; lastKnownFileType = sourcecode.swift; path = SortTableViewCell.swift; sourceTree = "<group>"; };
		7C681BBD2C7DEDF10064AC16 /* FilterSelectionTableViewCell.swift */ = {isa = PBXFileReference; lastKnownFileType = sourcecode.swift; path = FilterSelectionTableViewCell.swift; sourceTree = "<group>"; };
		7C681BBF2C7DEE010064AC16 /* CartTableViewCell.swift */ = {isa = PBXFileReference; lastKnownFileType = sourcecode.swift; path = CartTableViewCell.swift; sourceTree = "<group>"; };
		7C681BC22C7DEE1E0064AC16 /* ProductCollectionViewCell.swift */ = {isa = PBXFileReference; lastKnownFileType = sourcecode.swift; path = ProductCollectionViewCell.swift; sourceTree = "<group>"; };
		7C681BC42C7E02E60064AC16 /* CGFloat+Extension.swift */ = {isa = PBXFileReference; lastKnownFileType = sourcecode.swift; path = "CGFloat+Extension.swift"; sourceTree = "<group>"; };
		7C681BC62C7E034B0064AC16 /* TextConstants.swift */ = {isa = PBXFileReference; lastKnownFileType = sourcecode.swift; path = TextConstants.swift; sourceTree = "<group>"; };
		7C681BC82C7E55530064AC16 /* Array+Extension.swift */ = {isa = PBXFileReference; lastKnownFileType = sourcecode.swift; path = "Array+Extension.swift"; sourceTree = "<group>"; };
		7C681BCB2C7E56400064AC16 /* ProductDetailViewController.swift */ = {isa = PBXFileReference; lastKnownFileType = sourcecode.swift; path = ProductDetailViewController.swift; sourceTree = "<group>"; };
		7C681BCD2C7E56610064AC16 /* ProductDetailViewModel.swift */ = {isa = PBXFileReference; lastKnownFileType = sourcecode.swift; path = ProductDetailViewModel.swift; sourceTree = "<group>"; };
		7C681BCF2C7E58790064AC16 /* SortSelections.swift */ = {isa = PBXFileReference; lastKnownFileType = sourcecode.swift; path = SortSelections.swift; sourceTree = "<group>"; };
		7C681BD12C7E5B2C0064AC16 /* ReuseIdentifiers.swift */ = {isa = PBXFileReference; lastKnownFileType = sourcecode.swift; path = ReuseIdentifiers.swift; sourceTree = "<group>"; };
		7C681BD42C7E70CD0064AC16 /* CartError.swift */ = {isa = PBXFileReference; lastKnownFileType = sourcecode.swift; path = CartError.swift; sourceTree = "<group>"; };
		7C681BD62C7E74940064AC16 /* FavoriteError.swift */ = {isa = PBXFileReference; lastKnownFileType = sourcecode.swift; path = FavoriteError.swift; sourceTree = "<group>"; };
		7C681BD82C7F7D590064AC16 /* FavoriteTableViewCell.swift */ = {isa = PBXFileReference; lastKnownFileType = sourcecode.swift; path = FavoriteTableViewCell.swift; sourceTree = "<group>"; };
/* End PBXFileReference section */

/* Begin PBXFrameworksBuildPhase section */
		7C681B1A2C7D090C0064AC16 /* Frameworks */ = {
			isa = PBXFrameworksBuildPhase;
			buildActionMask = 2147483647;
			files = (
			);
			runOnlyForDeploymentPostprocessing = 0;
		};
		7C681B332C7D090E0064AC16 /* Frameworks */ = {
			isa = PBXFrameworksBuildPhase;
			buildActionMask = 2147483647;
			files = (
			);
			runOnlyForDeploymentPostprocessing = 0;
		};
		7C681B3D2C7D090E0064AC16 /* Frameworks */ = {
			isa = PBXFrameworksBuildPhase;
			buildActionMask = 2147483647;
			files = (
			);
			runOnlyForDeploymentPostprocessing = 0;
		};
/* End PBXFrameworksBuildPhase section */

/* Begin PBXGroup section */
		7C681B142C7D090C0064AC16 = {
			isa = PBXGroup;
			children = (
				7C681B1F2C7D090C0064AC16 /* UgurUlasGoktasCase */,
				7C681B392C7D090E0064AC16 /* UgurUlasGoktasCaseTests */,
				7C681B432C7D090E0064AC16 /* UgurUlasGoktasCaseUITests */,
				7C681B1E2C7D090C0064AC16 /* Products */,
			);
			sourceTree = "<group>";
		};
		7C681B1E2C7D090C0064AC16 /* Products */ = {
			isa = PBXGroup;
			children = (
				7C681B1D2C7D090C0064AC16 /* UgurUlasGoktasCase.app */,
				7C681B362C7D090E0064AC16 /* UgurUlasGoktasCaseTests.xctest */,
				7C681B402C7D090E0064AC16 /* UgurUlasGoktasCaseUITests.xctest */,
			);
			name = Products;
			sourceTree = "<group>";
		};
		7C681B1F2C7D090C0064AC16 /* UgurUlasGoktasCase */ = {
			isa = PBXGroup;
			children = (
				7C681BB22C7DED460064AC16 /* Components */,
				7C681BAB2C7DECF70064AC16 /* Model */,
				7C681B992C7DEC660064AC16 /* Data */,
				7C681B792C7DEAE70064AC16 /* Screens */,
				7C681B732C7DEA770064AC16 /* Enums */,
				7C681B6C2C7DE9960064AC16 /* Extensions */,
				7C681B672C7DE9350064AC16 /* NetworkManager */,
				7C681B562C7D0A760064AC16 /* Base */,
				7C681B532C7D09AF0064AC16 /* AppInitial */,
				7C681B542C7D09BE0064AC16 /* Resources */,
				7C681B552C7D0A490064AC16 /* LaunchScreen */,
				7C681B292C7D090C0064AC16 /* UgurUlasGoktasCase.xcdatamodeld */,
			);
			path = UgurUlasGoktasCase;
			sourceTree = "<group>";
		};
		7C681B392C7D090E0064AC16 /* UgurUlasGoktasCaseTests */ = {
			isa = PBXGroup;
			children = (
				7C681B3A2C7D090E0064AC16 /* UgurUlasGoktasCaseTests.swift */,
			);
			path = UgurUlasGoktasCaseTests;
			sourceTree = "<group>";
		};
		7C681B432C7D090E0064AC16 /* UgurUlasGoktasCaseUITests */ = {
			isa = PBXGroup;
			children = (
				7C681B442C7D090E0064AC16 /* UgurUlasGoktasCaseUITests.swift */,
				7C681B462C7D090E0064AC16 /* UgurUlasGoktasCaseUITestsLaunchTests.swift */,
			);
			path = UgurUlasGoktasCaseUITests;
			sourceTree = "<group>";
		};
		7C681B532C7D09AF0064AC16 /* AppInitial */ = {
			isa = PBXGroup;
			children = (
				7C681B202C7D090C0064AC16 /* AppDelegate.swift */,
				7C681B222C7D090C0064AC16 /* SceneDelegate.swift */,
			);
			path = AppInitial;
			sourceTree = "<group>";
		};
		7C681B542C7D09BE0064AC16 /* Resources */ = {
			isa = PBXGroup;
			children = (
				7C681B2C2C7D090E0064AC16 /* Assets.xcassets */,
				7C681B312C7D090E0064AC16 /* Info.plist */,
			);
			path = Resources;
			sourceTree = "<group>";
		};
		7C681B552C7D0A490064AC16 /* LaunchScreen */ = {
			isa = PBXGroup;
			children = (
				7C681B2E2C7D090E0064AC16 /* LaunchScreen.storyboard */,
			);
			path = LaunchScreen;
			sourceTree = "<group>";
		};
		7C681B562C7D0A760064AC16 /* Base */ = {
			isa = PBXGroup;
			children = (
				7C681B642C7D10CE0064AC16 /* TableViewCell */,
				7C681B612C7D10830064AC16 /* Request */,
				7C681B5C2C7D0C3E0064AC16 /* ViewModel */,
				7C681B572C7D0A9A0064AC16 /* ViewController */,
			);
			path = Base;
			sourceTree = "<group>";
		};
		7C681B572C7D0A9A0064AC16 /* ViewController */ = {
			isa = PBXGroup;
			children = (
				7C681B582C7D0AA40064AC16 /* BaseViewController.swift */,
				7C681B5A2C7D0AE20064AC16 /* BaseViewControllerProtocol.swift */,
			);
			path = ViewController;
			sourceTree = "<group>";
		};
		7C681B5C2C7D0C3E0064AC16 /* ViewModel */ = {
			isa = PBXGroup;
			children = (
				7C681B5D2C7D0D300064AC16 /* BaseViewModel.swift */,
				7C681B5F2C7D0D4D0064AC16 /* BaseViewModelProtocol.swift */,
			);
			path = ViewModel;
			sourceTree = "<group>";
		};
		7C681B612C7D10830064AC16 /* Request */ = {
			isa = PBXGroup;
			children = (
				7C681B622C7D108E0064AC16 /* BaseRequest.swift */,
			);
			path = Request;
			sourceTree = "<group>";
		};
		7C681B642C7D10CE0064AC16 /* TableViewCell */ = {
			isa = PBXGroup;
			children = (
				7C681B652C7D10DB0064AC16 /* BaseTableViewCell.swift */,
			);
			path = TableViewCell;
			sourceTree = "<group>";
		};
		7C681B672C7DE9350064AC16 /* NetworkManager */ = {
			isa = PBXGroup;
			children = (
				7C681B682C7DE9400064AC16 /* NetworkManager.swift */,
				7C681B6A2C7DE9480064AC16 /* NetworkManagerProtocol.swift */,
			);
			path = NetworkManager;
			sourceTree = "<group>";
		};
		7C681B6C2C7DE9960064AC16 /* Extensions */ = {
			isa = PBXGroup;
			children = (
				7C681B6D2C7DE9AF0064AC16 /* String+Extension.swift */,
				7C681B712C7DEA000064AC16 /* Notification+Extension.swift */,
				7C681BC42C7E02E60064AC16 /* CGFloat+Extension.swift */,
				7C681BC82C7E55530064AC16 /* Array+Extension.swift */,
			);
			path = Extensions;
			sourceTree = "<group>";
		};
		7C681B732C7DEA770064AC16 /* Enums */ = {
			isa = PBXGroup;
			children = (
				7C681B742C7DEA800064AC16 /* DateFormat.swift */,
				7C681B972C7DEC2E0064AC16 /* SystemImages.swift */,
				7C681B9B2C7DEC820064AC16 /* ProductKeys.swift */,
				7C681BC62C7E034B0064AC16 /* TextConstants.swift */,
				7C681BCF2C7E58790064AC16 /* SortSelections.swift */,
				7C681BD12C7E5B2C0064AC16 /* ReuseIdentifiers.swift */,
			);
			path = Enums;
			sourceTree = "<group>";
		};
		7C681B782C7DEAD90064AC16 /* TabBar */ = {
			isa = PBXGroup;
			children = (
				7C681B7A2C7DEAF70064AC16 /* TabBarViewController.swift */,
				7C681B7C2C7DEB130064AC16 /* TabBarViewModel.swift */,
			);
			path = TabBar;
			sourceTree = "<group>";
		};
		7C681B792C7DEAE70064AC16 /* Screens */ = {
			isa = PBXGroup;
			children = (
				7C681BCA2C7E56340064AC16 /* ProductDetail */,
				7C681B922C7DEBED0064AC16 /* Profile */,
				7C681B8D2C7DEBC70064AC16 /* Favorites */,
				7C681B882C7DEBA00064AC16 /* Cart */,
				7C681B832C7DEB730064AC16 /* Filter */,
				7C681B7E2C7DEB2B0064AC16 /* ProductList */,
				7C681B782C7DEAD90064AC16 /* TabBar */,
			);
			path = Screens;
			sourceTree = "<group>";
		};
		7C681B7E2C7DEB2B0064AC16 /* ProductList */ = {
			isa = PBXGroup;
			children = (
				7C681B7F2C7DEB3F0064AC16 /* ProductListViewController.swift */,
				7C681B812C7DEB510064AC16 /* ProductListViewModel.swift */,
			);
			path = ProductList;
			sourceTree = "<group>";
		};
		7C681B832C7DEB730064AC16 /* Filter */ = {
			isa = PBXGroup;
			children = (
				7C681B842C7DEB7E0064AC16 /* FilterViewController.swift */,
				7C681B862C7DEB910064AC16 /* FilterViewModel.swift */,
			);
			path = Filter;
			sourceTree = "<group>";
		};
		7C681B882C7DEBA00064AC16 /* Cart */ = {
			isa = PBXGroup;
			children = (
				7C681B892C7DEBAB0064AC16 /* CartViewController.swift */,
				7C681B8B2C7DEBBA0064AC16 /* CartViewModel.swift */,
			);
			path = Cart;
			sourceTree = "<group>";
		};
		7C681B8D2C7DEBC70064AC16 /* Favorites */ = {
			isa = PBXGroup;
			children = (
				7C681B8E2C7DEBDB0064AC16 /* FavoriteListViewController.swift */,
				7C681B902C7DEBE70064AC16 /* FavoriteListViewModel.swift */,
			);
			path = Favorites;
			sourceTree = "<group>";
		};
		7C681B922C7DEBED0064AC16 /* Profile */ = {
			isa = PBXGroup;
			children = (
				7C681B932C7DEBFD0064AC16 /* ProfileViewController.swift */,
				7C681B952C7DEC090064AC16 /* ProfileViewModel.swift */,
			);
			path = Profile;
			sourceTree = "<group>";
		};
		7C681B992C7DEC660064AC16 /* Data */ = {
			isa = PBXGroup;
			children = (
				7C681BD32C7E70C10064AC16 /* Error */,
				7C681BA42C7DECC10064AC16 /* CartDB */,
				7C681B9D2C7DEC8D0064AC16 /* FavoriteDB */,
			);
			path = Data;
			sourceTree = "<group>";
		};
		7C681B9D2C7DEC8D0064AC16 /* FavoriteDB */ = {
			isa = PBXGroup;
			children = (
				7C681B9E2C7DEC9E0064AC16 /* FavoriteDB.swift */,
				7C681BA02C7DECAB0064AC16 /* FavoriteDBStrategy.swift */,
				7C681BA22C7DECBA0064AC16 /* CoreDataFavoriteDB.swift */,
			);
			path = FavoriteDB;
			sourceTree = "<group>";
		};
		7C681BA42C7DECC10064AC16 /* CartDB */ = {
			isa = PBXGroup;
			children = (
				7C681BA52C7DECCF0064AC16 /* CartDB.swift */,
				7C681BA72C7DECDB0064AC16 /* CartDBStrategy.swift */,
				7C681BA92C7DECE90064AC16 /* CoreDataCartDB.swift */,
			);
			path = CartDB;
			sourceTree = "<group>";
		};
		7C681BAB2C7DECF70064AC16 /* Model */ = {
			isa = PBXGroup;
			children = (
				7C681BAF2C7DED220064AC16 /* Product */,
				7C681BAC2C7DECFB0064AC16 /* Request */,
			);
			path = Model;
			sourceTree = "<group>";
		};
		7C681BAC2C7DECFB0064AC16 /* Request */ = {
			isa = PBXGroup;
			children = (
				7C681BAD2C7DED090064AC16 /* ProductRequest.swift */,
			);
			path = Request;
			sourceTree = "<group>";
		};
		7C681BAF2C7DED220064AC16 /* Product */ = {
			isa = PBXGroup;
			children = (
				7C681BB02C7DED290064AC16 /* Product.swift */,
			);
			path = Product;
			sourceTree = "<group>";
		};
		7C681BB22C7DED460064AC16 /* Components */ = {
			isa = PBXGroup;
			children = (
				7C681BB72C7DED810064AC16 /* SearchBar */,
				7C681BB62C7DED7D0064AC16 /* Cells */,
				7C681BB32C7DED530064AC16 /* Header */,
			);
			path = Components;
			sourceTree = "<group>";
		};
		7C681BB32C7DED530064AC16 /* Header */ = {
			isa = PBXGroup;
			children = (
				7C681BB42C7DED5E0064AC16 /* FilterSelectionHeader.swift */,
			);
			path = Header;
			sourceTree = "<group>";
		};
		7C681BB62C7DED7D0064AC16 /* Cells */ = {
			isa = PBXGroup;
			children = (
				7C681BC12C7DEE080064AC16 /* CollectionView */,
				7C681BBA2C7DEDCD0064AC16 /* TableView */,
			);
			path = Cells;
			sourceTree = "<group>";
		};
		7C681BB72C7DED810064AC16 /* SearchBar */ = {
			isa = PBXGroup;
			children = (
				7C681BB82C7DED950064AC16 /* SearchBar.swift */,
			);
			path = SearchBar;
			sourceTree = "<group>";
		};
		7C681BBA2C7DEDCD0064AC16 /* TableView */ = {
			isa = PBXGroup;
			children = (
				7C681BBB2C7DEDDF0064AC16 /* SortTableViewCell.swift */,
				7C681BBD2C7DEDF10064AC16 /* FilterSelectionTableViewCell.swift */,
				7C681BBF2C7DEE010064AC16 /* CartTableViewCell.swift */,
				7C681BD82C7F7D590064AC16 /* FavoriteTableViewCell.swift */,
			);
			path = TableView;
			sourceTree = "<group>";
		};
		7C681BC12C7DEE080064AC16 /* CollectionView */ = {
			isa = PBXGroup;
			children = (
				7C681BC22C7DEE1E0064AC16 /* ProductCollectionViewCell.swift */,
			);
			path = CollectionView;
			sourceTree = "<group>";
		};
		7C681BCA2C7E56340064AC16 /* ProductDetail */ = {
			isa = PBXGroup;
			children = (
				7C681BCB2C7E56400064AC16 /* ProductDetailViewController.swift */,
				7C681BCD2C7E56610064AC16 /* ProductDetailViewModel.swift */,
			);
			path = ProductDetail;
			sourceTree = "<group>";
		};
		7C681BD32C7E70C10064AC16 /* Error */ = {
			isa = PBXGroup;
			children = (
				7C681BD42C7E70CD0064AC16 /* CartError.swift */,
				7C681BD62C7E74940064AC16 /* FavoriteError.swift */,
			);
			path = Error;
			sourceTree = "<group>";
		};
/* End PBXGroup section */

/* Begin PBXNativeTarget section */
		7C681B1C2C7D090C0064AC16 /* UgurUlasGoktasCase */ = {
			isa = PBXNativeTarget;
			buildConfigurationList = 7C681B4A2C7D090E0064AC16 /* Build configuration list for PBXNativeTarget "UgurUlasGoktasCase" */;
			buildPhases = (
				7C681B192C7D090C0064AC16 /* Sources */,
				7C681B1A2C7D090C0064AC16 /* Frameworks */,
				7C681B1B2C7D090C0064AC16 /* Resources */,
			);
			buildRules = (
			);
			dependencies = (
			);
			name = UgurUlasGoktasCase;
			productName = UgurUlasGoktasCase;
			productReference = 7C681B1D2C7D090C0064AC16 /* UgurUlasGoktasCase.app */;
			productType = "com.apple.product-type.application";
		};
		7C681B352C7D090E0064AC16 /* UgurUlasGoktasCaseTests */ = {
			isa = PBXNativeTarget;
			buildConfigurationList = 7C681B4D2C7D090E0064AC16 /* Build configuration list for PBXNativeTarget "UgurUlasGoktasCaseTests" */;
			buildPhases = (
				7C681B322C7D090E0064AC16 /* Sources */,
				7C681B332C7D090E0064AC16 /* Frameworks */,
				7C681B342C7D090E0064AC16 /* Resources */,
			);
			buildRules = (
			);
			dependencies = (
				7C681B382C7D090E0064AC16 /* PBXTargetDependency */,
			);
			name = UgurUlasGoktasCaseTests;
			productName = UgurUlasGoktasCaseTests;
			productReference = 7C681B362C7D090E0064AC16 /* UgurUlasGoktasCaseTests.xctest */;
			productType = "com.apple.product-type.bundle.unit-test";
		};
		7C681B3F2C7D090E0064AC16 /* UgurUlasGoktasCaseUITests */ = {
			isa = PBXNativeTarget;
			buildConfigurationList = 7C681B502C7D090E0064AC16 /* Build configuration list for PBXNativeTarget "UgurUlasGoktasCaseUITests" */;
			buildPhases = (
				7C681B3C2C7D090E0064AC16 /* Sources */,
				7C681B3D2C7D090E0064AC16 /* Frameworks */,
				7C681B3E2C7D090E0064AC16 /* Resources */,
			);
			buildRules = (
			);
			dependencies = (
				7C681B422C7D090E0064AC16 /* PBXTargetDependency */,
			);
			name = UgurUlasGoktasCaseUITests;
			productName = UgurUlasGoktasCaseUITests;
			productReference = 7C681B402C7D090E0064AC16 /* UgurUlasGoktasCaseUITests.xctest */;
			productType = "com.apple.product-type.bundle.ui-testing";
		};
/* End PBXNativeTarget section */

/* Begin PBXProject section */
		7C681B152C7D090C0064AC16 /* Project object */ = {
			isa = PBXProject;
			attributes = {
				BuildIndependentTargetsInParallel = 1;
				LastSwiftUpdateCheck = 1530;
				LastUpgradeCheck = 1530;
				TargetAttributes = {
					7C681B1C2C7D090C0064AC16 = {
						CreatedOnToolsVersion = 15.3;
					};
					7C681B352C7D090E0064AC16 = {
						CreatedOnToolsVersion = 15.3;
						TestTargetID = 7C681B1C2C7D090C0064AC16;
					};
					7C681B3F2C7D090E0064AC16 = {
						CreatedOnToolsVersion = 15.3;
						TestTargetID = 7C681B1C2C7D090C0064AC16;
					};
				};
			};
			buildConfigurationList = 7C681B182C7D090C0064AC16 /* Build configuration list for PBXProject "UgurUlasGoktasCase" */;
			compatibilityVersion = "Xcode 14.0";
			developmentRegion = en;
			hasScannedForEncodings = 0;
			knownRegions = (
				en,
				Base,
			);
			mainGroup = 7C681B142C7D090C0064AC16;
			productRefGroup = 7C681B1E2C7D090C0064AC16 /* Products */;
			projectDirPath = "";
			projectRoot = "";
			targets = (
				7C681B1C2C7D090C0064AC16 /* UgurUlasGoktasCase */,
				7C681B352C7D090E0064AC16 /* UgurUlasGoktasCaseTests */,
				7C681B3F2C7D090E0064AC16 /* UgurUlasGoktasCaseUITests */,
			);
		};
/* End PBXProject section */

/* Begin PBXResourcesBuildPhase section */
		7C681B1B2C7D090C0064AC16 /* Resources */ = {
			isa = PBXResourcesBuildPhase;
			buildActionMask = 2147483647;
			files = (
				7C681B2D2C7D090E0064AC16 /* Assets.xcassets in Resources */,
				7C681B302C7D090E0064AC16 /* Base in Resources */,
			);
			runOnlyForDeploymentPostprocessing = 0;
		};
		7C681B342C7D090E0064AC16 /* Resources */ = {
			isa = PBXResourcesBuildPhase;
			buildActionMask = 2147483647;
			files = (
			);
			runOnlyForDeploymentPostprocessing = 0;
		};
		7C681B3E2C7D090E0064AC16 /* Resources */ = {
			isa = PBXResourcesBuildPhase;
			buildActionMask = 2147483647;
			files = (
			);
			runOnlyForDeploymentPostprocessing = 0;
		};
/* End PBXResourcesBuildPhase section */

/* Begin PBXSourcesBuildPhase section */
		7C681B192C7D090C0064AC16 /* Sources */ = {
			isa = PBXSourcesBuildPhase;
			buildActionMask = 2147483647;
			files = (
				7C681B852C7DEB7E0064AC16 /* FilterViewController.swift in Sources */,
				7C681BA32C7DECBA0064AC16 /* CoreDataFavoriteDB.swift in Sources */,
				7C681BC32C7DEE1E0064AC16 /* ProductCollectionViewCell.swift in Sources */,
				7C681BD22C7E5B2C0064AC16 /* ReuseIdentifiers.swift in Sources */,
				7C681B6B2C7DE9480064AC16 /* NetworkManagerProtocol.swift in Sources */,
				7C681B632C7D108E0064AC16 /* BaseRequest.swift in Sources */,
				7C681B2B2C7D090C0064AC16 /* UgurUlasGoktasCase.xcdatamodeld in Sources */,
				7C681B692C7DE9400064AC16 /* NetworkManager.swift in Sources */,
				7C681BC02C7DEE010064AC16 /* CartTableViewCell.swift in Sources */,
				7C681BA62C7DECCF0064AC16 /* CartDB.swift in Sources */,
				7C681BAE2C7DED090064AC16 /* ProductRequest.swift in Sources */,
				7C681BB52C7DED5E0064AC16 /* FilterSelectionHeader.swift in Sources */,
				7C681B962C7DEC090064AC16 /* ProfileViewModel.swift in Sources */,
				7C681BD52C7E70CD0064AC16 /* CartError.swift in Sources */,
				7C681B982C7DEC2E0064AC16 /* SystemImages.swift in Sources */,
				7C681BC52C7E02E60064AC16 /* CGFloat+Extension.swift in Sources */,
				7C681B942C7DEBFD0064AC16 /* ProfileViewController.swift in Sources */,
				7C681BBC2C7DEDDF0064AC16 /* SortTableViewCell.swift in Sources */,
				7C681B722C7DEA000064AC16 /* Notification+Extension.swift in Sources */,
				7C681BC72C7E034B0064AC16 /* TextConstants.swift in Sources */,
				7C681B822C7DEB510064AC16 /* ProductListViewModel.swift in Sources */,
				7C681B8F2C7DEBDB0064AC16 /* FavoriteListViewController.swift in Sources */,
				7C681BA12C7DECAB0064AC16 /* FavoriteDBStrategy.swift in Sources */,
				7C681BD02C7E58790064AC16 /* SortSelections.swift in Sources */,
				7C681B872C7DEB910064AC16 /* FilterViewModel.swift in Sources */,
				7C681BD72C7E74940064AC16 /* FavoriteError.swift in Sources */,
				7C681B9F2C7DEC9E0064AC16 /* FavoriteDB.swift in Sources */,
				7C681BCE2C7E56610064AC16 /* ProductDetailViewModel.swift in Sources */,
				7C681B9C2C7DEC820064AC16 /* ProductKeys.swift in Sources */,
				7C681BB12C7DED290064AC16 /* Product.swift in Sources */,
				7C681B6E2C7DE9AF0064AC16 /* String+Extension.swift in Sources */,
				7C681B5B2C7D0AE20064AC16 /* BaseViewControllerProtocol.swift in Sources */,
				7C681B912C7DEBE70064AC16 /* FavoriteListViewModel.swift in Sources */,
				7C681BD92C7F7D590064AC16 /* FavoriteTableViewCell.swift in Sources */,
				7C681BCC2C7E56400064AC16 /* ProductDetailViewController.swift in Sources */,
				7C681B662C7D10DB0064AC16 /* BaseTableViewCell.swift in Sources */,
				7C681BAA2C7DECE90064AC16 /* CoreDataCartDB.swift in Sources */,
				7C681B8C2C7DEBBA0064AC16 /* CartViewModel.swift in Sources */,
				7C681B7B2C7DEAF70064AC16 /* TabBarViewController.swift in Sources */,
				7C681B7D2C7DEB130064AC16 /* TabBarViewModel.swift in Sources */,
				7C681BA82C7DECDB0064AC16 /* CartDBStrategy.swift in Sources */,
				7C681B8A2C7DEBAB0064AC16 /* CartViewController.swift in Sources */,
				7C681B802C7DEB3F0064AC16 /* ProductListViewController.swift in Sources */,
				7C681B752C7DEA800064AC16 /* DateFormat.swift in Sources */,
				7C681B592C7D0AA40064AC16 /* BaseViewController.swift in Sources */,
				7C681B212C7D090C0064AC16 /* AppDelegate.swift in Sources */,
				7C681BBE2C7DEDF10064AC16 /* FilterSelectionTableViewCell.swift in Sources */,
				7C681B232C7D090C0064AC16 /* SceneDelegate.swift in Sources */,
				7C681BC92C7E55530064AC16 /* Array+Extension.swift in Sources */,
				7C681BB92C7DED950064AC16 /* SearchBar.swift in Sources */,
				7C681B602C7D0D4D0064AC16 /* BaseViewModelProtocol.swift in Sources */,
				7C681B5E2C7D0D300064AC16 /* BaseViewModel.swift in Sources */,
			);
			runOnlyForDeploymentPostprocessing = 0;
		};
		7C681B322C7D090E0064AC16 /* Sources */ = {
			isa = PBXSourcesBuildPhase;
			buildActionMask = 2147483647;
			files = (
				7C681B3B2C7D090E0064AC16 /* UgurUlasGoktasCaseTests.swift in Sources */,
			);
			runOnlyForDeploymentPostprocessing = 0;
		};
		7C681B3C2C7D090E0064AC16 /* Sources */ = {
			isa = PBXSourcesBuildPhase;
			buildActionMask = 2147483647;
			files = (
				7C681B452C7D090E0064AC16 /* UgurUlasGoktasCaseUITests.swift in Sources */,
				7C681B472C7D090E0064AC16 /* UgurUlasGoktasCaseUITestsLaunchTests.swift in Sources */,
			);
			runOnlyForDeploymentPostprocessing = 0;
		};
/* End PBXSourcesBuildPhase section */

/* Begin PBXTargetDependency section */
		7C681B382C7D090E0064AC16 /* PBXTargetDependency */ = {
			isa = PBXTargetDependency;
			target = 7C681B1C2C7D090C0064AC16 /* UgurUlasGoktasCase */;
			targetProxy = 7C681B372C7D090E0064AC16 /* PBXContainerItemProxy */;
		};
		7C681B422C7D090E0064AC16 /* PBXTargetDependency */ = {
			isa = PBXTargetDependency;
			target = 7C681B1C2C7D090C0064AC16 /* UgurUlasGoktasCase */;
			targetProxy = 7C681B412C7D090E0064AC16 /* PBXContainerItemProxy */;
		};
/* End PBXTargetDependency section */

/* Begin PBXVariantGroup section */
		7C681B2E2C7D090E0064AC16 /* LaunchScreen.storyboard */ = {
			isa = PBXVariantGroup;
			children = (
				7C681B2F2C7D090E0064AC16 /* Base */,
			);
			name = LaunchScreen.storyboard;
			sourceTree = "<group>";
		};
/* End PBXVariantGroup section */

/* Begin XCBuildConfiguration section */
		7C681B482C7D090E0064AC16 /* Debug */ = {
			isa = XCBuildConfiguration;
			buildSettings = {
				ALWAYS_SEARCH_USER_PATHS = NO;
				ASSETCATALOG_COMPILER_GENERATE_SWIFT_ASSET_SYMBOL_EXTENSIONS = YES;
				CLANG_ANALYZER_NONNULL = YES;
				CLANG_ANALYZER_NUMBER_OBJECT_CONVERSION = YES_AGGRESSIVE;
				CLANG_CXX_LANGUAGE_STANDARD = "gnu++20";
				CLANG_ENABLE_MODULES = YES;
				CLANG_ENABLE_OBJC_ARC = YES;
				CLANG_ENABLE_OBJC_WEAK = YES;
				CLANG_WARN_BLOCK_CAPTURE_AUTORELEASING = YES;
				CLANG_WARN_BOOL_CONVERSION = YES;
				CLANG_WARN_COMMA = YES;
				CLANG_WARN_CONSTANT_CONVERSION = YES;
				CLANG_WARN_DEPRECATED_OBJC_IMPLEMENTATIONS = YES;
				CLANG_WARN_DIRECT_OBJC_ISA_USAGE = YES_ERROR;
				CLANG_WARN_DOCUMENTATION_COMMENTS = YES;
				CLANG_WARN_EMPTY_BODY = YES;
				CLANG_WARN_ENUM_CONVERSION = YES;
				CLANG_WARN_INFINITE_RECURSION = YES;
				CLANG_WARN_INT_CONVERSION = YES;
				CLANG_WARN_NON_LITERAL_NULL_CONVERSION = YES;
				CLANG_WARN_OBJC_IMPLICIT_RETAIN_SELF = YES;
				CLANG_WARN_OBJC_LITERAL_CONVERSION = YES;
				CLANG_WARN_OBJC_ROOT_CLASS = YES_ERROR;
				CLANG_WARN_QUOTED_INCLUDE_IN_FRAMEWORK_HEADER = YES;
				CLANG_WARN_RANGE_LOOP_ANALYSIS = YES;
				CLANG_WARN_STRICT_PROTOTYPES = YES;
				CLANG_WARN_SUSPICIOUS_MOVE = YES;
				CLANG_WARN_UNGUARDED_AVAILABILITY = YES_AGGRESSIVE;
				CLANG_WARN_UNREACHABLE_CODE = YES;
				CLANG_WARN__DUPLICATE_METHOD_MATCH = YES;
				COPY_PHASE_STRIP = NO;
				DEBUG_INFORMATION_FORMAT = dwarf;
				ENABLE_STRICT_OBJC_MSGSEND = YES;
				ENABLE_TESTABILITY = YES;
				ENABLE_USER_SCRIPT_SANDBOXING = YES;
				GCC_C_LANGUAGE_STANDARD = gnu17;
				GCC_DYNAMIC_NO_PIC = NO;
				GCC_NO_COMMON_BLOCKS = YES;
				GCC_OPTIMIZATION_LEVEL = 0;
				GCC_PREPROCESSOR_DEFINITIONS = (
					"DEBUG=1",
					"$(inherited)",
				);
				GCC_WARN_64_TO_32_BIT_CONVERSION = YES;
				GCC_WARN_ABOUT_RETURN_TYPE = YES_ERROR;
				GCC_WARN_UNDECLARED_SELECTOR = YES;
				GCC_WARN_UNINITIALIZED_AUTOS = YES_AGGRESSIVE;
				GCC_WARN_UNUSED_FUNCTION = YES;
				GCC_WARN_UNUSED_VARIABLE = YES;
				IPHONEOS_DEPLOYMENT_TARGET = 17.4;
				LOCALIZATION_PREFERS_STRING_CATALOGS = YES;
				MTL_ENABLE_DEBUG_INFO = INCLUDE_SOURCE;
				MTL_FAST_MATH = YES;
				ONLY_ACTIVE_ARCH = YES;
				SDKROOT = iphoneos;
				SWIFT_ACTIVE_COMPILATION_CONDITIONS = "DEBUG $(inherited)";
				SWIFT_OPTIMIZATION_LEVEL = "-Onone";
			};
			name = Debug;
		};
		7C681B492C7D090E0064AC16 /* Release */ = {
			isa = XCBuildConfiguration;
			buildSettings = {
				ALWAYS_SEARCH_USER_PATHS = NO;
				ASSETCATALOG_COMPILER_GENERATE_SWIFT_ASSET_SYMBOL_EXTENSIONS = YES;
				CLANG_ANALYZER_NONNULL = YES;
				CLANG_ANALYZER_NUMBER_OBJECT_CONVERSION = YES_AGGRESSIVE;
				CLANG_CXX_LANGUAGE_STANDARD = "gnu++20";
				CLANG_ENABLE_MODULES = YES;
				CLANG_ENABLE_OBJC_ARC = YES;
				CLANG_ENABLE_OBJC_WEAK = YES;
				CLANG_WARN_BLOCK_CAPTURE_AUTORELEASING = YES;
				CLANG_WARN_BOOL_CONVERSION = YES;
				CLANG_WARN_COMMA = YES;
				CLANG_WARN_CONSTANT_CONVERSION = YES;
				CLANG_WARN_DEPRECATED_OBJC_IMPLEMENTATIONS = YES;
				CLANG_WARN_DIRECT_OBJC_ISA_USAGE = YES_ERROR;
				CLANG_WARN_DOCUMENTATION_COMMENTS = YES;
				CLANG_WARN_EMPTY_BODY = YES;
				CLANG_WARN_ENUM_CONVERSION = YES;
				CLANG_WARN_INFINITE_RECURSION = YES;
				CLANG_WARN_INT_CONVERSION = YES;
				CLANG_WARN_NON_LITERAL_NULL_CONVERSION = YES;
				CLANG_WARN_OBJC_IMPLICIT_RETAIN_SELF = YES;
				CLANG_WARN_OBJC_LITERAL_CONVERSION = YES;
				CLANG_WARN_OBJC_ROOT_CLASS = YES_ERROR;
				CLANG_WARN_QUOTED_INCLUDE_IN_FRAMEWORK_HEADER = YES;
				CLANG_WARN_RANGE_LOOP_ANALYSIS = YES;
				CLANG_WARN_STRICT_PROTOTYPES = YES;
				CLANG_WARN_SUSPICIOUS_MOVE = YES;
				CLANG_WARN_UNGUARDED_AVAILABILITY = YES_AGGRESSIVE;
				CLANG_WARN_UNREACHABLE_CODE = YES;
				CLANG_WARN__DUPLICATE_METHOD_MATCH = YES;
				COPY_PHASE_STRIP = NO;
				DEBUG_INFORMATION_FORMAT = "dwarf-with-dsym";
				ENABLE_NS_ASSERTIONS = NO;
				ENABLE_STRICT_OBJC_MSGSEND = YES;
				ENABLE_USER_SCRIPT_SANDBOXING = YES;
				GCC_C_LANGUAGE_STANDARD = gnu17;
				GCC_NO_COMMON_BLOCKS = YES;
				GCC_WARN_64_TO_32_BIT_CONVERSION = YES;
				GCC_WARN_ABOUT_RETURN_TYPE = YES_ERROR;
				GCC_WARN_UNDECLARED_SELECTOR = YES;
				GCC_WARN_UNINITIALIZED_AUTOS = YES_AGGRESSIVE;
				GCC_WARN_UNUSED_FUNCTION = YES;
				GCC_WARN_UNUSED_VARIABLE = YES;
				IPHONEOS_DEPLOYMENT_TARGET = 17.4;
				LOCALIZATION_PREFERS_STRING_CATALOGS = YES;
				MTL_ENABLE_DEBUG_INFO = NO;
				MTL_FAST_MATH = YES;
				SDKROOT = iphoneos;
				SWIFT_COMPILATION_MODE = wholemodule;
				VALIDATE_PRODUCT = YES;
			};
			name = Release;
		};
		7C681B4B2C7D090E0064AC16 /* Debug */ = {
			isa = XCBuildConfiguration;
			buildSettings = {
				ASSETCATALOG_COMPILER_APPICON_NAME = AppIcon;
				ASSETCATALOG_COMPILER_GLOBAL_ACCENT_COLOR_NAME = AccentColor;
				CODE_SIGN_STYLE = Automatic;
				CURRENT_PROJECT_VERSION = 1;
				DEVELOPMENT_TEAM = ZGM65F7AMK;
				GENERATE_INFOPLIST_FILE = YES;
				INFOPLIST_FILE = UgurUlasGoktasCase/Resources/Info.plist;
				INFOPLIST_KEY_UIApplicationSupportsIndirectInputEvents = YES;
				INFOPLIST_KEY_UILaunchStoryboardName = LaunchScreen;
				INFOPLIST_KEY_UISupportedInterfaceOrientations = UIInterfaceOrientationPortrait;
				IPHONEOS_DEPLOYMENT_TARGET = 13.0;
				LD_RUNPATH_SEARCH_PATHS = (
					"$(inherited)",
					"@executable_path/Frameworks",
				);
				MARKETING_VERSION = 1.0;
				PRODUCT_BUNDLE_IDENTIFIER = ugurulasgoktas.UgurUlasGoktasCase;
				PRODUCT_NAME = "$(TARGET_NAME)";
				SWIFT_EMIT_LOC_STRINGS = YES;
				SWIFT_VERSION = 5.0;
				TARGETED_DEVICE_FAMILY = "1,2";
			};
			name = Debug;
		};
		7C681B4C2C7D090E0064AC16 /* Release */ = {
			isa = XCBuildConfiguration;
			buildSettings = {
				ASSETCATALOG_COMPILER_APPICON_NAME = AppIcon;
				ASSETCATALOG_COMPILER_GLOBAL_ACCENT_COLOR_NAME = AccentColor;
				CODE_SIGN_STYLE = Automatic;
				CURRENT_PROJECT_VERSION = 1;
				DEVELOPMENT_TEAM = ZGM65F7AMK;
				GENERATE_INFOPLIST_FILE = YES;
				INFOPLIST_FILE = UgurUlasGoktasCase/Resources/Info.plist;
				INFOPLIST_KEY_UIApplicationSupportsIndirectInputEvents = YES;
				INFOPLIST_KEY_UILaunchStoryboardName = LaunchScreen;
				INFOPLIST_KEY_UISupportedInterfaceOrientations = UIInterfaceOrientationPortrait;
				IPHONEOS_DEPLOYMENT_TARGET = 13.0;
				LD_RUNPATH_SEARCH_PATHS = (
					"$(inherited)",
					"@executable_path/Frameworks",
				);
				MARKETING_VERSION = 1.0;
				PRODUCT_BUNDLE_IDENTIFIER = ugurulasgoktas.UgurUlasGoktasCase;
				PRODUCT_NAME = "$(TARGET_NAME)";
				SWIFT_EMIT_LOC_STRINGS = YES;
				SWIFT_VERSION = 5.0;
				TARGETED_DEVICE_FAMILY = "1,2";
			};
			name = Release;
		};
		7C681B4E2C7D090E0064AC16 /* Debug */ = {
			isa = XCBuildConfiguration;
			buildSettings = {
				ALWAYS_EMBED_SWIFT_STANDARD_LIBRARIES = YES;
				BUNDLE_LOADER = "$(TEST_HOST)";
				CODE_SIGN_STYLE = Automatic;
				CURRENT_PROJECT_VERSION = 1;
				DEVELOPMENT_TEAM = ZGM65F7AMK;
				GENERATE_INFOPLIST_FILE = YES;
				IPHONEOS_DEPLOYMENT_TARGET = 17.4;
				MARKETING_VERSION = 1.0;
				PRODUCT_BUNDLE_IDENTIFIER = ugurulasgoktas.UgurUlasGoktasCaseTests;
				PRODUCT_NAME = "$(TARGET_NAME)";
				SWIFT_EMIT_LOC_STRINGS = NO;
				SWIFT_VERSION = 5.0;
				TARGETED_DEVICE_FAMILY = "1,2";
				TEST_HOST = "$(BUILT_PRODUCTS_DIR)/UgurUlasGoktasCase.app/$(BUNDLE_EXECUTABLE_FOLDER_PATH)/UgurUlasGoktasCase";
			};
			name = Debug;
		};
		7C681B4F2C7D090E0064AC16 /* Release */ = {
			isa = XCBuildConfiguration;
			buildSettings = {
				ALWAYS_EMBED_SWIFT_STANDARD_LIBRARIES = YES;
				BUNDLE_LOADER = "$(TEST_HOST)";
				CODE_SIGN_STYLE = Automatic;
				CURRENT_PROJECT_VERSION = 1;
				DEVELOPMENT_TEAM = ZGM65F7AMK;
				GENERATE_INFOPLIST_FILE = YES;
				IPHONEOS_DEPLOYMENT_TARGET = 17.4;
				MARKETING_VERSION = 1.0;
				PRODUCT_BUNDLE_IDENTIFIER = ugurulasgoktas.UgurUlasGoktasCaseTests;
				PRODUCT_NAME = "$(TARGET_NAME)";
				SWIFT_EMIT_LOC_STRINGS = NO;
				SWIFT_VERSION = 5.0;
				TARGETED_DEVICE_FAMILY = "1,2";
				TEST_HOST = "$(BUILT_PRODUCTS_DIR)/UgurUlasGoktasCase.app/$(BUNDLE_EXECUTABLE_FOLDER_PATH)/UgurUlasGoktasCase";
			};
			name = Release;
		};
		7C681B512C7D090E0064AC16 /* Debug */ = {
			isa = XCBuildConfiguration;
			buildSettings = {
				ALWAYS_EMBED_SWIFT_STANDARD_LIBRARIES = YES;
				CODE_SIGN_STYLE = Automatic;
				CURRENT_PROJECT_VERSION = 1;
				DEVELOPMENT_TEAM = ZGM65F7AMK;
				GENERATE_INFOPLIST_FILE = YES;
				MARKETING_VERSION = 1.0;
				PRODUCT_BUNDLE_IDENTIFIER = ugurulasgoktas.UgurUlasGoktasCaseUITests;
				PRODUCT_NAME = "$(TARGET_NAME)";
				SWIFT_EMIT_LOC_STRINGS = NO;
				SWIFT_VERSION = 5.0;
				TARGETED_DEVICE_FAMILY = "1,2";
				TEST_TARGET_NAME = UgurUlasGoktasCase;
			};
			name = Debug;
		};
		7C681B522C7D090E0064AC16 /* Release */ = {
			isa = XCBuildConfiguration;
			buildSettings = {
				ALWAYS_EMBED_SWIFT_STANDARD_LIBRARIES = YES;
				CODE_SIGN_STYLE = Automatic;
				CURRENT_PROJECT_VERSION = 1;
				DEVELOPMENT_TEAM = ZGM65F7AMK;
				GENERATE_INFOPLIST_FILE = YES;
				MARKETING_VERSION = 1.0;
				PRODUCT_BUNDLE_IDENTIFIER = ugurulasgoktas.UgurUlasGoktasCaseUITests;
				PRODUCT_NAME = "$(TARGET_NAME)";
				SWIFT_EMIT_LOC_STRINGS = NO;
				SWIFT_VERSION = 5.0;
				TARGETED_DEVICE_FAMILY = "1,2";
				TEST_TARGET_NAME = UgurUlasGoktasCase;
			};
			name = Release;
		};
/* End XCBuildConfiguration section */

/* Begin XCConfigurationList section */
		7C681B182C7D090C0064AC16 /* Build configuration list for PBXProject "UgurUlasGoktasCase" */ = {
			isa = XCConfigurationList;
			buildConfigurations = (
				7C681B482C7D090E0064AC16 /* Debug */,
				7C681B492C7D090E0064AC16 /* Release */,
			);
			defaultConfigurationIsVisible = 0;
			defaultConfigurationName = Release;
		};
		7C681B4A2C7D090E0064AC16 /* Build configuration list for PBXNativeTarget "UgurUlasGoktasCase" */ = {
			isa = XCConfigurationList;
			buildConfigurations = (
				7C681B4B2C7D090E0064AC16 /* Debug */,
				7C681B4C2C7D090E0064AC16 /* Release */,
			);
			defaultConfigurationIsVisible = 0;
			defaultConfigurationName = Release;
		};
		7C681B4D2C7D090E0064AC16 /* Build configuration list for PBXNativeTarget "UgurUlasGoktasCaseTests" */ = {
			isa = XCConfigurationList;
			buildConfigurations = (
				7C681B4E2C7D090E0064AC16 /* Debug */,
				7C681B4F2C7D090E0064AC16 /* Release */,
			);
			defaultConfigurationIsVisible = 0;
			defaultConfigurationName = Release;
		};
		7C681B502C7D090E0064AC16 /* Build configuration list for PBXNativeTarget "UgurUlasGoktasCaseUITests" */ = {
			isa = XCConfigurationList;
			buildConfigurations = (
				7C681B512C7D090E0064AC16 /* Debug */,
				7C681B522C7D090E0064AC16 /* Release */,
			);
			defaultConfigurationIsVisible = 0;
			defaultConfigurationName = Release;
		};
/* End XCConfigurationList section */

/* Begin XCVersionGroup section */
		7C681B292C7D090C0064AC16 /* UgurUlasGoktasCase.xcdatamodeld */ = {
			isa = XCVersionGroup;
			children = (
				7C681B2A2C7D090C0064AC16 /* UgurUlasGoktasCase.xcdatamodel */,
			);
			currentVersion = 7C681B2A2C7D090C0064AC16 /* UgurUlasGoktasCase.xcdatamodel */;
			path = UgurUlasGoktasCase.xcdatamodeld;
			sourceTree = "<group>";
			versionGroupType = wrapper.xcdatamodel;
		};
/* End XCVersionGroup section */
	};
	rootObject = 7C681B152C7D090C0064AC16 /* Project object */;
}
