// !$*UTF8*$!
{
	archiveVersion = 1;
	classes = {
	};
	objectVersion = 56;
	objects = {

/* Begin PBXBuildFile section */
		7C681B212C7D090C0064AC16 /* AppDelegate.swift in Sources */ = {isa = PBXBuildFile; fileRef = 7C681B202C7D090C0064AC16 /* AppDelegate.swift */; };
		7C681B232C7D090C0064AC16 /* SceneDelegate.swift in Sources */ = {isa = PBXBuildFile; fileRef = 7C681B222C7D090C0064AC16 /* SceneDelegate.swift */; };
		7C681B252C7D090C0064AC16 /* ViewController.swift in Sources */ = {isa = PBXBuildFile; fileRef = 7C681B242C7D090C0064AC16 /* ViewController.swift */; };
		7C681B2B2C7D090C0064AC16 /* UgurUlasGoktasCase.xcdatamodeld in Sources */ = {isa = PBXBuildFile; fileRef = 7C681B292C7D090C0064AC16 /* UgurUlasGoktasCase.xcdatamodeld */; };
		7C681B2D2C7D090E0064AC16 /* Assets.xcassets in Resources */ = {isa = PBXBuildFile; fileRef = 7C681B2C2C7D090E0064AC16 /* Assets.xcassets */; };
		7C681B302C7D090E0064AC16 /* Base in Resources */ = {isa = PBXBuildFile; fileRef = 7C681B2F2C7D090E0064AC16 /* Base */; };
		7C681B3B2C7D090E0064AC16 /* UgurUlasGoktasCaseTests.swift in Sources */ = {isa = PBXBuildFile; fileRef = 7C681B3A2C7D090E0064AC16 /* UgurUlasGoktasCaseTests.swift */; };
		7C681B452C7D090E0064AC16 /* UgurUlasGoktasCaseUITests.swift in Sources */ = {isa = PBXBuildFile; fileRef = 7C681B442C7D090E0064AC16 /* UgurUlasGoktasCaseUITests.swift */; };
		7C681B472C7D090E0064AC16 /* UgurUlasGoktasCaseUITestsLaunchTests.swift in Sources */ = {isa = PBXBuildFile; fileRef = 7C681B462C7D090E0064AC16 /* UgurUlasGoktasCaseUITestsLaunchTests.swift */; };
/* End PBXBuildFile section */

/* Begin PBXContainerItemProxy section */
		7C681B372C7D090E0064AC16 /* PBXContainerItemProxy */ = {
			isa = PBXContainerItemProxy;
			containerPortal = 7C681B152C7D090C0064AC16 /* Project object */;
			proxyType = 1;
			remoteGlobalIDString = 7C681B1C2C7D090C0064AC16;
			remoteInfo = UgurUlasGoktasCase;
		};
		7C681B412C7D090E0064AC16 /* PBXContainerItemProxy */ = {
			isa = PBXContainerItemProxy;
			containerPortal = 7C681B152C7D090C0064AC16 /* Project object */;
			proxyType = 1;
			remoteGlobalIDString = 7C681B1C2C7D090C0064AC16;
			remoteInfo = UgurUlasGoktasCase;
		};
/* End PBXContainerItemProxy section */

/* Begin PBXFileReference section */
		7C681B1D2C7D090C0064AC16 /* UgurUlasGoktasCase.app */ = {isa = PBXFileReference; explicitFileType = wrapper.application; includeInIndex = 0; path = UgurUlasGoktasCase.app; sourceTree = BUILT_PRODUCTS_DIR; };
		7C681B202C7D090C0064AC16 /* AppDelegate.swift */ = {isa = PBXFileReference; lastKnownFileType = sourcecode.swift; path = AppDelegate.swift; sourceTree = "<group>"; };
		7C681B222C7D090C0064AC16 /* SceneDelegate.swift */ = {isa = PBXFileReference; lastKnownFileType = sourcecode.swift; path = SceneDelegate.swift; sourceTree = "<group>"; };
		7C681B242C7D090C0064AC16 /* ViewController.swift */ = {isa = PBXFileReference; lastKnownFileType = sourcecode.swift; path = ViewController.swift; sourceTree = "<group>"; };
		7C681B2A2C7D090C0064AC16 /* UgurUlasGoktasCase.xcdatamodel */ = {isa = PBXFileReference; lastKnownFileType = wrapper.xcdatamodel; path = UgurUlasGoktasCase.xcdatamodel; sourceTree = "<group>"; };
		7C681B2C2C7D090E0064AC16 /* Assets.xcassets */ = {isa = PBXFileReference; lastKnownFileType = folder.assetcatalog; path = Assets.xcassets; sourceTree = "<group>"; };
		7C681B2F2C7D090E0064AC16 /* Base */ = {isa = PBXFileReference; lastKnownFileType = file.storyboard; name = Base; path = Base.lproj/LaunchScreen.storyboard; sourceTree = "<group>"; };
		7C681B312C7D090E0064AC16 /* Info.plist */ = {isa = PBXFileReference; lastKnownFileType = text.plist.xml; path = Info.plist; sourceTree = "<group>"; };
		7C681B362C7D090E0064AC16 /* UgurUlasGoktasCaseTests.xctest */ = {isa = PBXFileReference; explicitFileType = wrapper.cfbundle; includeInIndex = 0; path = UgurUlasGoktasCaseTests.xctest; sourceTree = BUILT_PRODUCTS_DIR; };
		7C681B3A2C7D090E0064AC16 /* UgurUlasGoktasCaseTests.swift */ = {isa = PBXFileReference; lastKnownFileType = sourcecode.swift; path = UgurUlasGoktasCaseTests.swift; sourceTree = "<group>"; };
		7C681B402C7D090E0064AC16 /* UgurUlasGoktasCaseUITests.xctest */ = {isa = PBXFileReference; explicitFileType = wrapper.cfbundle; includeInIndex = 0; path = UgurUlasGoktasCaseUITests.xctest; sourceTree = BUILT_PRODUCTS_DIR; };
		7C681B442C7D090E0064AC16 /* UgurUlasGoktasCaseUITests.swift */ = {isa = PBXFileReference; lastKnownFileType = sourcecode.swift; path = UgurUlasGoktasCaseUITests.swift; sourceTree = "<group>"; };
		7C681B462C7D090E0064AC16 /* UgurUlasGoktasCaseUITestsLaunchTests.swift */ = {isa = PBXFileReference; lastKnownFileType = sourcecode.swift; path = UgurUlasGoktasCaseUITestsLaunchTests.swift; sourceTree = "<group>"; };
/* End PBXFileReference section */

/* Begin PBXFrameworksBuildPhase section */
		7C681B1A2C7D090C0064AC16 /* Frameworks */ = {
			isa = PBXFrameworksBuildPhase;
			buildActionMask = 2147483647;
			files = (
			);
			runOnlyForDeploymentPostprocessing = 0;
		};
		7C681B332C7D090E0064AC16 /* Frameworks */ = {
			isa = PBXFrameworksBuildPhase;
			buildActionMask = 2147483647;
			files = (
			);
			runOnlyForDeploymentPostprocessing = 0;
		};
		7C681B3D2C7D090E0064AC16 /* Frameworks */ = {
			isa = PBXFrameworksBuildPhase;
			buildActionMask = 2147483647;
			files = (
			);
			runOnlyForDeploymentPostprocessing = 0;
		};
/* End PBXFrameworksBuildPhase section */

/* Begin PBXGroup section */
		7C681B142C7D090C0064AC16 = {
			isa = PBXGroup;
			children = (
				7C681B1F2C7D090C0064AC16 /* UgurUlasGoktasCase */,
				7C681B392C7D090E0064AC16 /* UgurUlasGoktasCaseTests */,
				7C681B432C7D090E0064AC16 /* UgurUlasGoktasCaseUITests */,
				7C681B1E2C7D090C0064AC16 /* Products */,
			);
			sourceTree = "<group>";
		};
		7C681B1E2C7D090C0064AC16 /* Products */ = {
			isa = PBXGroup;
			children = (
				7C681B1D2C7D090C0064AC16 /* UgurUlasGoktasCase.app */,
				7C681B362C7D090E0064AC16 /* UgurUlasGoktasCaseTests.xctest */,
				7C681B402C7D090E0064AC16 /* UgurUlasGoktasCaseUITests.xctest */,
			);
			name = Products;
			sourceTree = "<group>";
		};
		7C681B1F2C7D090C0064AC16 /* UgurUlasGoktasCase */ = {
			isa = PBXGroup;
			children = (
				7C681B532C7D09AF0064AC16 /* AppInitial */,
				7C681B242C7D090C0064AC16 /* ViewController.swift */,
				7C681B542C7D09BE0064AC16 /* Resources */,
				7C681B552C7D0A490064AC16 /* LaunchScreen */,
				7C681B292C7D090C0064AC16 /* UgurUlasGoktasCase.xcdatamodeld */,
			);
			path = UgurUlasGoktasCase;
			sourceTree = "<group>";
		};
		7C681B392C7D090E0064AC16 /* UgurUlasGoktasCaseTests */ = {
			isa = PBXGroup;
			children = (
				7C681B3A2C7D090E0064AC16 /* UgurUlasGoktasCaseTests.swift */,
			);
			path = UgurUlasGoktasCaseTests;
			sourceTree = "<group>";
		};
		7C681B432C7D090E0064AC16 /* UgurUlasGoktasCaseUITests */ = {
			isa = PBXGroup;
			children = (
				7C681B442C7D090E0064AC16 /* UgurUlasGoktasCaseUITests.swift */,
				7C681B462C7D090E0064AC16 /* UgurUlasGoktasCaseUITestsLaunchTests.swift */,
			);
			path = UgurUlasGoktasCaseUITests;
			sourceTree = "<group>";
		};
		7C681B532C7D09AF0064AC16 /* AppInitial */ = {
			isa = PBXGroup;
			children = (
				7C681B202C7D090C0064AC16 /* AppDelegate.swift */,
				7C681B222C7D090C0064AC16 /* SceneDelegate.swift */,
			);
			path = AppInitial;
			sourceTree = "<group>";
		};
		7C681B542C7D09BE0064AC16 /* Resources */ = {
			isa = PBXGroup;
			children = (
				7C681B2C2C7D090E0064AC16 /* Assets.xcassets */,
				7C681B312C7D090E0064AC16 /* Info.plist */,
			);
			path = Resources;
			sourceTree = "<group>";
		};
		7C681B552C7D0A490064AC16 /* LaunchScreen */ = {
			isa = PBXGroup;
			children = (
				7C681B2E2C7D090E0064AC16 /* LaunchScreen.storyboard */,
			);
			path = LaunchScreen;
			sourceTree = "<group>";
		};
/* End PBXGroup section */

/* Begin PBXNativeTarget section */
		7C681B1C2C7D090C0064AC16 /* UgurUlasGoktasCase */ = {
			isa = PBXNativeTarget;
			buildConfigurationList = 7C681B4A2C7D090E0064AC16 /* Build configuration list for PBXNativeTarget "UgurUlasGoktasCase" */;
			buildPhases = (
				7C681B192C7D090C0064AC16 /* Sources */,
				7C681B1A2C7D090C0064AC16 /* Frameworks */,
				7C681B1B2C7D090C0064AC16 /* Resources */,
			);
			buildRules = (
			);
			dependencies = (
			);
			name = UgurUlasGoktasCase;
			productName = UgurUlasGoktasCase;
			productReference = 7C681B1D2C7D090C0064AC16 /* UgurUlasGoktasCase.app */;
			productType = "com.apple.product-type.application";
		};
		7C681B352C7D090E0064AC16 /* UgurUlasGoktasCaseTests */ = {
			isa = PBXNativeTarget;
			buildConfigurationList = 7C681B4D2C7D090E0064AC16 /* Build configuration list for PBXNativeTarget "UgurUlasGoktasCaseTests" */;
			buildPhases = (
				7C681B322C7D090E0064AC16 /* Sources */,
				7C681B332C7D090E0064AC16 /* Frameworks */,
				7C681B342C7D090E0064AC16 /* Resources */,
			);
			buildRules = (
			);
			dependencies = (
				7C681B382C7D090E0064AC16 /* PBXTargetDependency */,
			);
			name = UgurUlasGoktasCaseTests;
			productName = UgurUlasGoktasCaseTests;
			productReference = 7C681B362C7D090E0064AC16 /* UgurUlasGoktasCaseTests.xctest */;
			productType = "com.apple.product-type.bundle.unit-test";
		};
		7C681B3F2C7D090E0064AC16 /* UgurUlasGoktasCaseUITests */ = {
			isa = PBXNativeTarget;
			buildConfigurationList = 7C681B502C7D090E0064AC16 /* Build configuration list for PBXNativeTarget "UgurUlasGoktasCaseUITests" */;
			buildPhases = (
				7C681B3C2C7D090E0064AC16 /* Sources */,
				7C681B3D2C7D090E0064AC16 /* Frameworks */,
				7C681B3E2C7D090E0064AC16 /* Resources */,
			);
			buildRules = (
			);
			dependencies = (
				7C681B422C7D090E0064AC16 /* PBXTargetDependency */,
			);
			name = UgurUlasGoktasCaseUITests;
			productName = UgurUlasGoktasCaseUITests;
			productReference = 7C681B402C7D090E0064AC16 /* UgurUlasGoktasCaseUITests.xctest */;
			productType = "com.apple.product-type.bundle.ui-testing";
		};
/* End PBXNativeTarget section */

/* Begin PBXProject section */
		7C681B152C7D090C0064AC16 /* Project object */ = {
			isa = PBXProject;
			attributes = {
				BuildIndependentTargetsInParallel = 1;
				LastSwiftUpdateCheck = 1530;
				LastUpgradeCheck = 1530;
				TargetAttributes = {
					7C681B1C2C7D090C0064AC16 = {
						CreatedOnToolsVersion = 15.3;
					};
					7C681B352C7D090E0064AC16 = {
						CreatedOnToolsVersion = 15.3;
						TestTargetID = 7C681B1C2C7D090C0064AC16;
					};
					7C681B3F2C7D090E0064AC16 = {
						CreatedOnToolsVersion = 15.3;
						TestTargetID = 7C681B1C2C7D090C0064AC16;
					};
				};
			};
			buildConfigurationList = 7C681B182C7D090C0064AC16 /* Build configuration list for PBXProject "UgurUlasGoktasCase" */;
			compatibilityVersion = "Xcode 14.0";
			developmentRegion = en;
			hasScannedForEncodings = 0;
			knownRegions = (
				en,
				Base,
			);
			mainGroup = 7C681B142C7D090C0064AC16;
			productRefGroup = 7C681B1E2C7D090C0064AC16 /* Products */;
			projectDirPath = "";
			projectRoot = "";
			targets = (
				7C681B1C2C7D090C0064AC16 /* UgurUlasGoktasCase */,
				7C681B352C7D090E0064AC16 /* UgurUlasGoktasCaseTests */,
				7C681B3F2C7D090E0064AC16 /* UgurUlasGoktasCaseUITests */,
			);
		};
/* End PBXProject section */

/* Begin PBXResourcesBuildPhase section */
		7C681B1B2C7D090C0064AC16 /* Resources */ = {
			isa = PBXResourcesBuildPhase;
			buildActionMask = 2147483647;
			files = (
				7C681B2D2C7D090E0064AC16 /* Assets.xcassets in Resources */,
				7C681B302C7D090E0064AC16 /* Base in Resources */,
			);
			runOnlyForDeploymentPostprocessing = 0;
		};
		7C681B342C7D090E0064AC16 /* Resources */ = {
			isa = PBXResourcesBuildPhase;
			buildActionMask = 2147483647;
			files = (
			);
			runOnlyForDeploymentPostprocessing = 0;
		};
		7C681B3E2C7D090E0064AC16 /* Resources */ = {
			isa = PBXResourcesBuildPhase;
			buildActionMask = 2147483647;
			files = (
			);
			runOnlyForDeploymentPostprocessing = 0;
		};
/* End PBXResourcesBuildPhase section */

/* Begin PBXSourcesBuildPhase section */
		7C681B192C7D090C0064AC16 /* Sources */ = {
			isa = PBXSourcesBuildPhase;
			buildActionMask = 2147483647;
			files = (
				7C681B2B2C7D090C0064AC16 /* UgurUlasGoktasCase.xcdatamodeld in Sources */,
				7C681B252C7D090C0064AC16 /* ViewController.swift in Sources */,
				7C681B212C7D090C0064AC16 /* AppDelegate.swift in Sources */,
				7C681B232C7D090C0064AC16 /* SceneDelegate.swift in Sources */,
			);
			runOnlyForDeploymentPostprocessing = 0;
		};
		7C681B322C7D090E0064AC16 /* Sources */ = {
			isa = PBXSourcesBuildPhase;
			buildActionMask = 2147483647;
			files = (
				7C681B3B2C7D090E0064AC16 /* UgurUlasGoktasCaseTests.swift in Sources */,
			);
			runOnlyForDeploymentPostprocessing = 0;
		};
		7C681B3C2C7D090E0064AC16 /* Sources */ = {
			isa = PBXSourcesBuildPhase;
			buildActionMask = 2147483647;
			files = (
				7C681B452C7D090E0064AC16 /* UgurUlasGoktasCaseUITests.swift in Sources */,
				7C681B472C7D090E0064AC16 /* UgurUlasGoktasCaseUITestsLaunchTests.swift in Sources */,
			);
			runOnlyForDeploymentPostprocessing = 0;
		};
/* End PBXSourcesBuildPhase section */

/* Begin PBXTargetDependency section */
		7C681B382C7D090E0064AC16 /* PBXTargetDependency */ = {
			isa = PBXTargetDependency;
			target = 7C681B1C2C7D090C0064AC16 /* UgurUlasGoktasCase */;
			targetProxy = 7C681B372C7D090E0064AC16 /* PBXContainerItemProxy */;
		};
		7C681B422C7D090E0064AC16 /* PBXTargetDependency */ = {
			isa = PBXTargetDependency;
			target = 7C681B1C2C7D090C0064AC16 /* UgurUlasGoktasCase */;
			targetProxy = 7C681B412C7D090E0064AC16 /* PBXContainerItemProxy */;
		};
/* End PBXTargetDependency section */

/* Begin PBXVariantGroup section */
		7C681B2E2C7D090E0064AC16 /* LaunchScreen.storyboard */ = {
			isa = PBXVariantGroup;
			children = (
				7C681B2F2C7D090E0064AC16 /* Base */,
			);
			name = LaunchScreen.storyboard;
			sourceTree = "<group>";
		};
/* End PBXVariantGroup section */

/* Begin XCBuildConfiguration section */
		7C681B482C7D090E0064AC16 /* Debug */ = {
			isa = XCBuildConfiguration;
			buildSettings = {
				ALWAYS_SEARCH_USER_PATHS = NO;
				ASSETCATALOG_COMPILER_GENERATE_SWIFT_ASSET_SYMBOL_EXTENSIONS = YES;
				CLANG_ANALYZER_NONNULL = YES;
				CLANG_ANALYZER_NUMBER_OBJECT_CONVERSION = YES_AGGRESSIVE;
				CLANG_CXX_LANGUAGE_STANDARD = "gnu++20";
				CLANG_ENABLE_MODULES = YES;
				CLANG_ENABLE_OBJC_ARC = YES;
				CLANG_ENABLE_OBJC_WEAK = YES;
				CLANG_WARN_BLOCK_CAPTURE_AUTORELEASING = YES;
				CLANG_WARN_BOOL_CONVERSION = YES;
				CLANG_WARN_COMMA = YES;
				CLANG_WARN_CONSTANT_CONVERSION = YES;
				CLANG_WARN_DEPRECATED_OBJC_IMPLEMENTATIONS = YES;
				CLANG_WARN_DIRECT_OBJC_ISA_USAGE = YES_ERROR;
				CLANG_WARN_DOCUMENTATION_COMMENTS = YES;
				CLANG_WARN_EMPTY_BODY = YES;
				CLANG_WARN_ENUM_CONVERSION = YES;
				CLANG_WARN_INFINITE_RECURSION = YES;
				CLANG_WARN_INT_CONVERSION = YES;
				CLANG_WARN_NON_LITERAL_NULL_CONVERSION = YES;
				CLANG_WARN_OBJC_IMPLICIT_RETAIN_SELF = YES;
				CLANG_WARN_OBJC_LITERAL_CONVERSION = YES;
				CLANG_WARN_OBJC_ROOT_CLASS = YES_ERROR;
				CLANG_WARN_QUOTED_INCLUDE_IN_FRAMEWORK_HEADER = YES;
				CLANG_WARN_RANGE_LOOP_ANALYSIS = YES;
				CLANG_WARN_STRICT_PROTOTYPES = YES;
				CLANG_WARN_SUSPICIOUS_MOVE = YES;
				CLANG_WARN_UNGUARDED_AVAILABILITY = YES_AGGRESSIVE;
				CLANG_WARN_UNREACHABLE_CODE = YES;
				CLANG_WARN__DUPLICATE_METHOD_MATCH = YES;
				COPY_PHASE_STRIP = NO;
				DEBUG_INFORMATION_FORMAT = dwarf;
				ENABLE_STRICT_OBJC_MSGSEND = YES;
				ENABLE_TESTABILITY = YES;
				ENABLE_USER_SCRIPT_SANDBOXING = YES;
				GCC_C_LANGUAGE_STANDARD = gnu17;
				GCC_DYNAMIC_NO_PIC = NO;
				GCC_NO_COMMON_BLOCKS = YES;
				GCC_OPTIMIZATION_LEVEL = 0;
				GCC_PREPROCESSOR_DEFINITIONS = (
					"DEBUG=1",
					"$(inherited)",
				);
				GCC_WARN_64_TO_32_BIT_CONVERSION = YES;
				GCC_WARN_ABOUT_RETURN_TYPE = YES_ERROR;
				GCC_WARN_UNDECLARED_SELECTOR = YES;
				GCC_WARN_UNINITIALIZED_AUTOS = YES_AGGRESSIVE;
				GCC_WARN_UNUSED_FUNCTION = YES;
				GCC_WARN_UNUSED_VARIABLE = YES;
				IPHONEOS_DEPLOYMENT_TARGET = 17.4;
				LOCALIZATION_PREFERS_STRING_CATALOGS = YES;
				MTL_ENABLE_DEBUG_INFO = INCLUDE_SOURCE;
				MTL_FAST_MATH = YES;
				ONLY_ACTIVE_ARCH = YES;
				SDKROOT = iphoneos;
				SWIFT_ACTIVE_COMPILATION_CONDITIONS = "DEBUG $(inherited)";
				SWIFT_OPTIMIZATION_LEVEL = "-Onone";
			};
			name = Debug;
		};
		7C681B492C7D090E0064AC16 /* Release */ = {
			isa = XCBuildConfiguration;
			buildSettings = {
				ALWAYS_SEARCH_USER_PATHS = NO;
				ASSETCATALOG_COMPILER_GENERATE_SWIFT_ASSET_SYMBOL_EXTENSIONS = YES;
				CLANG_ANALYZER_NONNULL = YES;
				CLANG_ANALYZER_NUMBER_OBJECT_CONVERSION = YES_AGGRESSIVE;
				CLANG_CXX_LANGUAGE_STANDARD = "gnu++20";
				CLANG_ENABLE_MODULES = YES;
				CLANG_ENABLE_OBJC_ARC = YES;
				CLANG_ENABLE_OBJC_WEAK = YES;
				CLANG_WARN_BLOCK_CAPTURE_AUTORELEASING = YES;
				CLANG_WARN_BOOL_CONVERSION = YES;
				CLANG_WARN_COMMA = YES;
				CLANG_WARN_CONSTANT_CONVERSION = YES;
				CLANG_WARN_DEPRECATED_OBJC_IMPLEMENTATIONS = YES;
				CLANG_WARN_DIRECT_OBJC_ISA_USAGE = YES_ERROR;
				CLANG_WARN_DOCUMENTATION_COMMENTS = YES;
				CLANG_WARN_EMPTY_BODY = YES;
				CLANG_WARN_ENUM_CONVERSION = YES;
				CLANG_WARN_INFINITE_RECURSION = YES;
				CLANG_WARN_INT_CONVERSION = YES;
				CLANG_WARN_NON_LITERAL_NULL_CONVERSION = YES;
				CLANG_WARN_OBJC_IMPLICIT_RETAIN_SELF = YES;
				CLANG_WARN_OBJC_LITERAL_CONVERSION = YES;
				CLANG_WARN_OBJC_ROOT_CLASS = YES_ERROR;
				CLANG_WARN_QUOTED_INCLUDE_IN_FRAMEWORK_HEADER = YES;
				CLANG_WARN_RANGE_LOOP_ANALYSIS = YES;
				CLANG_WARN_STRICT_PROTOTYPES = YES;
				CLANG_WARN_SUSPICIOUS_MOVE = YES;
				CLANG_WARN_UNGUARDED_AVAILABILITY = YES_AGGRESSIVE;
				CLANG_WARN_UNREACHABLE_CODE = YES;
				CLANG_WARN__DUPLICATE_METHOD_MATCH = YES;
				COPY_PHASE_STRIP = NO;
				DEBUG_INFORMATION_FORMAT = "dwarf-with-dsym";
				ENABLE_NS_ASSERTIONS = NO;
				ENABLE_STRICT_OBJC_MSGSEND = YES;
				ENABLE_USER_SCRIPT_SANDBOXING = YES;
				GCC_C_LANGUAGE_STANDARD = gnu17;
				GCC_NO_COMMON_BLOCKS = YES;
				GCC_WARN_64_TO_32_BIT_CONVERSION = YES;
				GCC_WARN_ABOUT_RETURN_TYPE = YES_ERROR;
				GCC_WARN_UNDECLARED_SELECTOR = YES;
				GCC_WARN_UNINITIALIZED_AUTOS = YES_AGGRESSIVE;
				GCC_WARN_UNUSED_FUNCTION = YES;
				GCC_WARN_UNUSED_VARIABLE = YES;
				IPHONEOS_DEPLOYMENT_TARGET = 17.4;
				LOCALIZATION_PREFERS_STRING_CATALOGS = YES;
				MTL_ENABLE_DEBUG_INFO = NO;
				MTL_FAST_MATH = YES;
				SDKROOT = iphoneos;
				SWIFT_COMPILATION_MODE = wholemodule;
				VALIDATE_PRODUCT = YES;
			};
			name = Release;
		};
		7C681B4B2C7D090E0064AC16 /* Debug */ = {
			isa = XCBuildConfiguration;
			buildSettings = {
				ASSETCATALOG_COMPILER_APPICON_NAME = AppIcon;
				ASSETCATALOG_COMPILER_GLOBAL_ACCENT_COLOR_NAME = AccentColor;
				CODE_SIGN_STYLE = Automatic;
				CURRENT_PROJECT_VERSION = 1;
				DEVELOPMENT_TEAM = ZGM65F7AMK;
				GENERATE_INFOPLIST_FILE = YES;
				INFOPLIST_FILE = UgurUlasGoktasCase/Resources/Info.plist;
				INFOPLIST_KEY_UIApplicationSupportsIndirectInputEvents = YES;
				INFOPLIST_KEY_UILaunchStoryboardName = LaunchScreen;
				INFOPLIST_KEY_UIMainStoryboardFile = Main;
				INFOPLIST_KEY_UISupportedInterfaceOrientations_iPad = "UIInterfaceOrientationPortrait UIInterfaceOrientationPortraitUpsideDown UIInterfaceOrientationLandscapeLeft UIInterfaceOrientationLandscapeRight";
				INFOPLIST_KEY_UISupportedInterfaceOrientations_iPhone = "UIInterfaceOrientationPortrait UIInterfaceOrientationLandscapeLeft UIInterfaceOrientationLandscapeRight";
				LD_RUNPATH_SEARCH_PATHS = (
					"$(inherited)",
					"@executable_path/Frameworks",
				);
				MARKETING_VERSION = 1.0;
				PRODUCT_BUNDLE_IDENTIFIER = ugurulasgoktas.UgurUlasGoktasCase;
				PRODUCT_NAME = "$(TARGET_NAME)";
				SWIFT_EMIT_LOC_STRINGS = YES;
				SWIFT_VERSION = 5.0;
				TARGETED_DEVICE_FAMILY = "1,2";
			};
			name = Debug;
		};
		7C681B4C2C7D090E0064AC16 /* Release */ = {
			isa = XCBuildConfiguration;
			buildSettings = {
				ASSETCATALOG_COMPILER_APPICON_NAME = AppIcon;
				ASSETCATALOG_COMPILER_GLOBAL_ACCENT_COLOR_NAME = AccentColor;
				CODE_SIGN_STYLE = Automatic;
				CURRENT_PROJECT_VERSION = 1;
				DEVELOPMENT_TEAM = ZGM65F7AMK;
				GENERATE_INFOPLIST_FILE = YES;
				INFOPLIST_FILE = UgurUlasGoktasCase/Resources/Info.plist;
				INFOPLIST_KEY_UIApplicationSupportsIndirectInputEvents = YES;
				INFOPLIST_KEY_UILaunchStoryboardName = LaunchScreen;
				INFOPLIST_KEY_UIMainStoryboardFile = Main;
				INFOPLIST_KEY_UISupportedInterfaceOrientations_iPad = "UIInterfaceOrientationPortrait UIInterfaceOrientationPortraitUpsideDown UIInterfaceOrientationLandscapeLeft UIInterfaceOrientationLandscapeRight";
				INFOPLIST_KEY_UISupportedInterfaceOrientations_iPhone = "UIInterfaceOrientationPortrait UIInterfaceOrientationLandscapeLeft UIInterfaceOrientationLandscapeRight";
				LD_RUNPATH_SEARCH_PATHS = (
					"$(inherited)",
					"@executable_path/Frameworks",
				);
				MARKETING_VERSION = 1.0;
				PRODUCT_BUNDLE_IDENTIFIER = ugurulasgoktas.UgurUlasGoktasCase;
				PRODUCT_NAME = "$(TARGET_NAME)";
				SWIFT_EMIT_LOC_STRINGS = YES;
				SWIFT_VERSION = 5.0;
				TARGETED_DEVICE_FAMILY = "1,2";
			};
			name = Release;
		};
		7C681B4E2C7D090E0064AC16 /* Debug */ = {
			isa = XCBuildConfiguration;
			buildSettings = {
				ALWAYS_EMBED_SWIFT_STANDARD_LIBRARIES = YES;
				BUNDLE_LOADER = "$(TEST_HOST)";
				CODE_SIGN_STYLE = Automatic;
				CURRENT_PROJECT_VERSION = 1;
				DEVELOPMENT_TEAM = ZGM65F7AMK;
				GENERATE_INFOPLIST_FILE = YES;
				IPHONEOS_DEPLOYMENT_TARGET = 17.4;
				MARKETING_VERSION = 1.0;
				PRODUCT_BUNDLE_IDENTIFIER = ugurulasgoktas.UgurUlasGoktasCaseTests;
				PRODUCT_NAME = "$(TARGET_NAME)";
				SWIFT_EMIT_LOC_STRINGS = NO;
				SWIFT_VERSION = 5.0;
				TARGETED_DEVICE_FAMILY = "1,2";
				TEST_HOST = "$(BUILT_PRODUCTS_DIR)/UgurUlasGoktasCase.app/$(BUNDLE_EXECUTABLE_FOLDER_PATH)/UgurUlasGoktasCase";
			};
			name = Debug;
		};
		7C681B4F2C7D090E0064AC16 /* Release */ = {
			isa = XCBuildConfiguration;
			buildSettings = {
				ALWAYS_EMBED_SWIFT_STANDARD_LIBRARIES = YES;
				BUNDLE_LOADER = "$(TEST_HOST)";
				CODE_SIGN_STYLE = Automatic;
				CURRENT_PROJECT_VERSION = 1;
				DEVELOPMENT_TEAM = ZGM65F7AMK;
				GENERATE_INFOPLIST_FILE = YES;
				IPHONEOS_DEPLOYMENT_TARGET = 17.4;
				MARKETING_VERSION = 1.0;
				PRODUCT_BUNDLE_IDENTIFIER = ugurulasgoktas.UgurUlasGoktasCaseTests;
				PRODUCT_NAME = "$(TARGET_NAME)";
				SWIFT_EMIT_LOC_STRINGS = NO;
				SWIFT_VERSION = 5.0;
				TARGETED_DEVICE_FAMILY = "1,2";
				TEST_HOST = "$(BUILT_PRODUCTS_DIR)/UgurUlasGoktasCase.app/$(BUNDLE_EXECUTABLE_FOLDER_PATH)/UgurUlasGoktasCase";
			};
			name = Release;
		};
		7C681B512C7D090E0064AC16 /* Debug */ = {
			isa = XCBuildConfiguration;
			buildSettings = {
				ALWAYS_EMBED_SWIFT_STANDARD_LIBRARIES = YES;
				CODE_SIGN_STYLE = Automatic;
				CURRENT_PROJECT_VERSION = 1;
				DEVELOPMENT_TEAM = ZGM65F7AMK;
				GENERATE_INFOPLIST_FILE = YES;
				MARKETING_VERSION = 1.0;
				PRODUCT_BUNDLE_IDENTIFIER = ugurulasgoktas.UgurUlasGoktasCaseUITests;
				PRODUCT_NAME = "$(TARGET_NAME)";
				SWIFT_EMIT_LOC_STRINGS = NO;
				SWIFT_VERSION = 5.0;
				TARGETED_DEVICE_FAMILY = "1,2";
				TEST_TARGET_NAME = UgurUlasGoktasCase;
			};
			name = Debug;
		};
		7C681B522C7D090E0064AC16 /* Release */ = {
			isa = XCBuildConfiguration;
			buildSettings = {
				ALWAYS_EMBED_SWIFT_STANDARD_LIBRARIES = YES;
				CODE_SIGN_STYLE = Automatic;
				CURRENT_PROJECT_VERSION = 1;
				DEVELOPMENT_TEAM = ZGM65F7AMK;
				GENERATE_INFOPLIST_FILE = YES;
				MARKETING_VERSION = 1.0;
				PRODUCT_BUNDLE_IDENTIFIER = ugurulasgoktas.UgurUlasGoktasCaseUITests;
				PRODUCT_NAME = "$(TARGET_NAME)";
				SWIFT_EMIT_LOC_STRINGS = NO;
				SWIFT_VERSION = 5.0;
				TARGETED_DEVICE_FAMILY = "1,2";
				TEST_TARGET_NAME = UgurUlasGoktasCase;
			};
			name = Release;
		};
/* End XCBuildConfiguration section */

/* Begin XCConfigurationList section */
		7C681B182C7D090C0064AC16 /* Build configuration list for PBXProject "UgurUlasGoktasCase" */ = {
			isa = XCConfigurationList;
			buildConfigurations = (
				7C681B482C7D090E0064AC16 /* Debug */,
				7C681B492C7D090E0064AC16 /* Release */,
			);
			defaultConfigurationIsVisible = 0;
			defaultConfigurationName = Release;
		};
		7C681B4A2C7D090E0064AC16 /* Build configuration list for PBXNativeTarget "UgurUlasGoktasCase" */ = {
			isa = XCConfigurationList;
			buildConfigurations = (
				7C681B4B2C7D090E0064AC16 /* Debug */,
				7C681B4C2C7D090E0064AC16 /* Release */,
			);
			defaultConfigurationIsVisible = 0;
			defaultConfigurationName = Release;
		};
		7C681B4D2C7D090E0064AC16 /* Build configuration list for PBXNativeTarget "UgurUlasGoktasCaseTests" */ = {
			isa = XCConfigurationList;
			buildConfigurations = (
				7C681B4E2C7D090E0064AC16 /* Debug */,
				7C681B4F2C7D090E0064AC16 /* Release */,
			);
			defaultConfigurationIsVisible = 0;
			defaultConfigurationName = Release;
		};
		7C681B502C7D090E0064AC16 /* Build configuration list for PBXNativeTarget "UgurUlasGoktasCaseUITests" */ = {
			isa = XCConfigurationList;
			buildConfigurations = (
				7C681B512C7D090E0064AC16 /* Debug */,
				7C681B522C7D090E0064AC16 /* Release */,
			);
			defaultConfigurationIsVisible = 0;
			defaultConfigurationName = Release;
		};
/* End XCConfigurationList section */

/* Begin XCVersionGroup section */
		7C681B292C7D090C0064AC16 /* UgurUlasGoktasCase.xcdatamodeld */ = {
			isa = XCVersionGroup;
			children = (
				7C681B2A2C7D090C0064AC16 /* UgurUlasGoktasCase.xcdatamodel */,
			);
			currentVersion = 7C681B2A2C7D090C0064AC16 /* UgurUlasGoktasCase.xcdatamodel */;
			path = UgurUlasGoktasCase.xcdatamodeld;
			sourceTree = "<group>";
			versionGroupType = wrapper.xcdatamodel;
		};
/* End XCVersionGroup section */
	};
	rootObject = 7C681B152C7D090C0064AC16 /* Project object */;
}
